
Microsoft Visual Studio Solution File, Format Version 12.00
# Visual Studio 15
VisualStudioVersion = 15.0.27703.2018
MinimumVisualStudioVersion = 10.0.40219.1
Project("{FAE04EC0-301F-11D3-BF4B-00C04F79EFBC}") = "SquallyResources", "SquallyResources.csproj", "{915C2BBA-E852-4082-A380-200D3BF43684}"
EndProject
Project("{8BC9CEB8-8B4A-11D0-8D11-00A0C91BC942}") = "Squally", "Squally.vcxproj", "{76A39BB2-9B84-4C65-98A5-654D86B86F2A}"
EndProject
Project("{8BC9CEB8-8B4A-11D0-8D11-00A0C91BC942}") = "fasm", "Libraries\Fasm\Fasm.vcxproj", "{08FBD6FC-AEBC-48E2-AD8D-B5E301522E2D}"
EndProject
Project("{8BC9CEB8-8B4A-11D0-8D11-00A0C91BC942}") = "rapidJson", "Libraries\RapidJson\include\rapidjson\RapidJson.vcxproj", "{61622618-6AF3-44ED-A4F4-34787327175B}"
EndProject
Project("{8BC9CEB8-8B4A-11D0-8D11-00A0C91BC942}") = "libudis86", "Libraries\Udis86\libudis86.vcxproj", "{D5C34A21-7218-4A08-9578-1EBB35280A42}"
EndProject
Project("{8BC9CEB8-8B4A-11D0-8D11-00A0C91BC942}") = "libcocos2d", "cocos2d\cocos\2d\libcocos2d.vcxproj", "{98A51BA8-FC3A-415B-AC8F-8C7BD464E93E}"
EndProject
Project("{8BC9CEB8-8B4A-11D0-8D11-00A0C91BC942}") = "libSpine", "cocos2d\cocos\editor-support\spine\proj.win32\libSpine.vcxproj", "{B7C2A162-DEC9-4418-972E-240AB3CBFCAE}"
EndProject
Project("{8BC9CEB8-8B4A-11D0-8D11-00A0C91BC942}") = "SpriterPlusPlus", "cocos2d\external\SpriterPlusPlus\SpriterPlusPlus.vcxproj", "{EC902F13-1E54-4DD0-A887-0A3A5BC1CC29}"
EndProject
Project("{8BC9CEB8-8B4A-11D0-8D11-00A0C91BC942}") = "librecast", "cocos2d\external\recast\proj.win32\librecast.vcxproj", "{41E34993-647E-4282-8384-4AB1AE31A452}"
EndProject
Global
	GlobalSection(SolutionConfigurationPlatforms) = preSolution
		Debug|x86 = Debug|x86
		Debug-DLL|x86 = Debug-DLL|x86
		Release|x86 = Release|x86
		Release-DLL|x86 = Release-DLL|x86
	EndGlobalSection
	GlobalSection(ProjectConfigurationPlatforms) = postSolution
		{915C2BBA-E852-4082-A380-200D3BF43684}.Debug|x86.ActiveCfg = Debug|Any CPU
		{915C2BBA-E852-4082-A380-200D3BF43684}.Debug|x86.Build.0 = Debug|Any CPU
		{915C2BBA-E852-4082-A380-200D3BF43684}.Debug-DLL|x86.ActiveCfg = Debug|Any CPU
		{915C2BBA-E852-4082-A380-200D3BF43684}.Debug-DLL|x86.Build.0 = Debug|Any CPU
		{915C2BBA-E852-4082-A380-200D3BF43684}.Release|x86.ActiveCfg = Release|Any CPU
		{915C2BBA-E852-4082-A380-200D3BF43684}.Release|x86.Build.0 = Release|Any CPU
		{915C2BBA-E852-4082-A380-200D3BF43684}.Release-DLL|x86.ActiveCfg = Release|Any CPU
		{915C2BBA-E852-4082-A380-200D3BF43684}.Release-DLL|x86.Build.0 = Release|Any CPU
		{76A39BB2-9B84-4C65-98A5-654D86B86F2A}.Debug|x86.ActiveCfg = Debug|Win32
		{76A39BB2-9B84-4C65-98A5-654D86B86F2A}.Debug|x86.Build.0 = Debug|Win32
		{76A39BB2-9B84-4C65-98A5-654D86B86F2A}.Debug-DLL|x86.ActiveCfg = Debug|Win32
		{76A39BB2-9B84-4C65-98A5-654D86B86F2A}.Debug-DLL|x86.Build.0 = Debug|Win32
		{76A39BB2-9B84-4C65-98A5-654D86B86F2A}.Release|x86.ActiveCfg = Release|Win32
		{76A39BB2-9B84-4C65-98A5-654D86B86F2A}.Release|x86.Build.0 = Release|Win32
		{76A39BB2-9B84-4C65-98A5-654D86B86F2A}.Release-DLL|x86.ActiveCfg = Release|Win32
		{76A39BB2-9B84-4C65-98A5-654D86B86F2A}.Release-DLL|x86.Build.0 = Release|Win32
		{08FBD6FC-AEBC-48E2-AD8D-B5E301522E2D}.Debug|x86.ActiveCfg = Debug|Win32
		{08FBD6FC-AEBC-48E2-AD8D-B5E301522E2D}.Debug|x86.Build.0 = Debug|Win32
		{08FBD6FC-AEBC-48E2-AD8D-B5E301522E2D}.Debug-DLL|x86.ActiveCfg = Debug|Win32
		{08FBD6FC-AEBC-48E2-AD8D-B5E301522E2D}.Debug-DLL|x86.Build.0 = Debug|Win32
		{08FBD6FC-AEBC-48E2-AD8D-B5E301522E2D}.Release|x86.ActiveCfg = Release|Win32
		{08FBD6FC-AEBC-48E2-AD8D-B5E301522E2D}.Release|x86.Build.0 = Release|Win32
		{08FBD6FC-AEBC-48E2-AD8D-B5E301522E2D}.Release-DLL|x86.ActiveCfg = Release|Win32
		{08FBD6FC-AEBC-48E2-AD8D-B5E301522E2D}.Release-DLL|x86.Build.0 = Release|Win32
		{61622618-6AF3-44ED-A4F4-34787327175B}.Debug|x86.ActiveCfg = Debug|Win32
		{61622618-6AF3-44ED-A4F4-34787327175B}.Debug|x86.Build.0 = Debug|Win32
		{61622618-6AF3-44ED-A4F4-34787327175B}.Debug-DLL|x86.ActiveCfg = Debug|Win32
		{61622618-6AF3-44ED-A4F4-34787327175B}.Debug-DLL|x86.Build.0 = Debug|Win32
		{61622618-6AF3-44ED-A4F4-34787327175B}.Release|x86.ActiveCfg = Release|Win32
		{61622618-6AF3-44ED-A4F4-34787327175B}.Release|x86.Build.0 = Release|Win32
		{61622618-6AF3-44ED-A4F4-34787327175B}.Release-DLL|x86.ActiveCfg = Release|Win32
		{61622618-6AF3-44ED-A4F4-34787327175B}.Release-DLL|x86.Build.0 = Release|Win32
		{D5C34A21-7218-4A08-9578-1EBB35280A42}.Debug|x86.ActiveCfg = Debug|Win32
		{D5C34A21-7218-4A08-9578-1EBB35280A42}.Debug|x86.Build.0 = Debug|Win32
		{D5C34A21-7218-4A08-9578-1EBB35280A42}.Debug-DLL|x86.ActiveCfg = Debug-DLL|Win32
		{D5C34A21-7218-4A08-9578-1EBB35280A42}.Debug-DLL|x86.Build.0 = Debug-DLL|Win32
		{D5C34A21-7218-4A08-9578-1EBB35280A42}.Release|x86.ActiveCfg = Release|Win32
		{D5C34A21-7218-4A08-9578-1EBB35280A42}.Release|x86.Build.0 = Release|Win32
		{D5C34A21-7218-4A08-9578-1EBB35280A42}.Release-DLL|x86.ActiveCfg = Release-DLL|Win32
		{D5C34A21-7218-4A08-9578-1EBB35280A42}.Release-DLL|x86.Build.0 = Release-DLL|Win32
		{98A51BA8-FC3A-415B-AC8F-8C7BD464E93E}.Debug|x86.ActiveCfg = Debug|Win32
		{98A51BA8-FC3A-415B-AC8F-8C7BD464E93E}.Debug|x86.Build.0 = Debug|Win32
		{98A51BA8-FC3A-415B-AC8F-8C7BD464E93E}.Debug-DLL|x86.ActiveCfg = Debug|Win32
		{98A51BA8-FC3A-415B-AC8F-8C7BD464E93E}.Debug-DLL|x86.Build.0 = Debug|Win32
		{98A51BA8-FC3A-415B-AC8F-8C7BD464E93E}.Release|x86.ActiveCfg = Release|Win32
		{98A51BA8-FC3A-415B-AC8F-8C7BD464E93E}.Release|x86.Build.0 = Release|Win32
		{98A51BA8-FC3A-415B-AC8F-8C7BD464E93E}.Release-DLL|x86.ActiveCfg = Release|Win32
		{98A51BA8-FC3A-415B-AC8F-8C7BD464E93E}.Release-DLL|x86.Build.0 = Release|Win32
		{B7C2A162-DEC9-4418-972E-240AB3CBFCAE}.Debug|x86.ActiveCfg = Debug|Win32
		{B7C2A162-DEC9-4418-972E-240AB3CBFCAE}.Debug|x86.Build.0 = Debug|Win32
		{B7C2A162-DEC9-4418-972E-240AB3CBFCAE}.Debug-DLL|x86.ActiveCfg = Debug|Win32
		{B7C2A162-DEC9-4418-972E-240AB3CBFCAE}.Debug-DLL|x86.Build.0 = Debug|Win32
		{B7C2A162-DEC9-4418-972E-240AB3CBFCAE}.Release|x86.ActiveCfg = Release|Win32
		{B7C2A162-DEC9-4418-972E-240AB3CBFCAE}.Release|x86.Build.0 = Release|Win32
		{B7C2A162-DEC9-4418-972E-240AB3CBFCAE}.Release-DLL|x86.ActiveCfg = Release|Win32
		{B7C2A162-DEC9-4418-972E-240AB3CBFCAE}.Release-DLL|x86.Build.0 = Release|Win32
		{EC902F13-1E54-4DD0-A887-0A3A5BC1CC29}.Debug|x86.ActiveCfg = Debug|Win32
		{EC902F13-1E54-4DD0-A887-0A3A5BC1CC29}.Debug|x86.Build.0 = Debug|Win32
		{EC902F13-1E54-4DD0-A887-0A3A5BC1CC29}.Debug-DLL|x86.ActiveCfg = Debug|Win32
		{EC902F13-1E54-4DD0-A887-0A3A5BC1CC29}.Debug-DLL|x86.Build.0 = Debug|Win32
		{EC902F13-1E54-4DD0-A887-0A3A5BC1CC29}.Release|x86.ActiveCfg = Release|Win32
		{EC902F13-1E54-4DD0-A887-0A3A5BC1CC29}.Release|x86.Build.0 = Release|Win32
		{EC902F13-1E54-4DD0-A887-0A3A5BC1CC29}.Release-DLL|x86.ActiveCfg = Release|Win32
		{EC902F13-1E54-4DD0-A887-0A3A5BC1CC29}.Release-DLL|x86.Build.0 = Release|Win32
		{41E34993-647E-4282-8384-4AB1AE31A452}.Debug|x86.ActiveCfg = Debug|Win32
		{41E34993-647E-4282-8384-4AB1AE31A452}.Debug|x86.Build.0 = Debug|Win32
		{41E34993-647E-4282-8384-4AB1AE31A452}.Debug-DLL|x86.ActiveCfg = Debug|Win32
		{41E34993-647E-4282-8384-4AB1AE31A452}.Debug-DLL|x86.Build.0 = Debug|Win32
		{41E34993-647E-4282-8384-4AB1AE31A452}.Release|x86.ActiveCfg = Release|Win32
		{41E34993-647E-4282-8384-4AB1AE31A452}.Release|x86.Build.0 = Release|Win32
		{41E34993-647E-4282-8384-4AB1AE31A452}.Release-DLL|x86.ActiveCfg = Release|Win32
		{41E34993-647E-4282-8384-4AB1AE31A452}.Release-DLL|x86.Build.0 = Release|Win32
	EndGlobalSection
	GlobalSection(SolutionProperties) = preSolution
		HideSolutionNode = FALSE
	EndGlobalSection
	GlobalSection(ExtensibilityGlobals) = postSolution
		SolutionGuid = {3402A004-EA6E-4423-9C2A-EAE6E043B9F8}
	EndGlobalSection
EndGlobal
