<?xml version="1.0" encoding="utf-8"?>
<Project ToolsVersion="4.0" xmlns="http://schemas.microsoft.com/developer/msbuild/2003">
  <ItemGroup>
    <Filter Include="Source">
      <UniqueIdentifier>{bb6c862e-70e9-49d9-81b7-3829a6f50471}</UniqueIdentifier>
    </Filter>
    <Filter Include="Source\Entities">
      <UniqueIdentifier>{7d159956-76a6-4ebb-b3e4-b390e23cd5d6}</UniqueIdentifier>
    </Filter>
    <Filter Include="Source\Objects">
      <UniqueIdentifier>{da7b3b10-baf5-4afd-b875-03adfebdd965}</UniqueIdentifier>
    </Filter>
    <Filter Include="Source\GUI">
      <UniqueIdentifier>{ed5bc229-752b-4036-b1e3-cfc6c071440e}</UniqueIdentifier>
    </Filter>
    <Filter Include="Source\GUI\Menus">
      <UniqueIdentifier>{ab031439-9498-4f06-b44f-e5be61ab5205}</UniqueIdentifier>
    </Filter>
    <Filter Include="Source\Level">
      <UniqueIdentifier>{4df6f466-fb7d-4ee4-b7d3-a451d4a61f2f}</UniqueIdentifier>
    </Filter>
    <Filter Include="Source\Config">
      <UniqueIdentifier>{ad777ac4-678a-40fd-823b-e0b3188ba415}</UniqueIdentifier>
    </Filter>
    <Filter Include="Source\Utils">
      <UniqueIdentifier>{8f7b5b30-247a-452b-96b8-2d42834c1248}</UniqueIdentifier>
    </Filter>
    <Filter Include="Source\GUI\Menus\Options">
      <UniqueIdentifier>{0eaeefbb-4b79-448f-b9c2-b11c54de4290}</UniqueIdentifier>
    </Filter>
    <Filter Include="Source\GUI\Menus\Pause">
      <UniqueIdentifier>{efb42e19-0f6a-4c9e-bb59-cf59233af7f2}</UniqueIdentifier>
    </Filter>
    <Filter Include="Source\GUI\Components">
      <UniqueIdentifier>{59d011ae-970a-4f51-a323-6c474be5079d}</UniqueIdentifier>
    </Filter>
    <Filter Include="Source\GUI\Menus\Story">
      <UniqueIdentifier>{909eb5b2-aabc-45a3-88fd-7fbad17f7424}</UniqueIdentifier>
    </Filter>
    <Filter Include="Source\GUI\Menus\Tutorial">
      <UniqueIdentifier>{ce760e68-2034-4716-a741-75ff6bae1ffc}</UniqueIdentifier>
    </Filter>
    <Filter Include="Source\GUI\Menus\Title">
      <UniqueIdentifier>{b5ed26c3-cc7b-4a79-b202-e4b4d265ad43}</UniqueIdentifier>
    </Filter>
    <Filter Include="Source\GUI\Menus\Confirmation">
      <UniqueIdentifier>{2ab6fe57-cad0-492b-95aa-fd6f11aecf40}</UniqueIdentifier>
    </Filter>
    <Filter Include="Source\Input">
      <UniqueIdentifier>{41b4695d-9be7-4d80-930f-d7fe7acdf1c5}</UniqueIdentifier>
    </Filter>
    <Filter Include="Source\GUI\HUD">
      <UniqueIdentifier>{018da264-5fc8-4aef-89fe-d137b354ee9e}</UniqueIdentifier>
    </Filter>
    <Filter Include="Source\Entities\Player">
      <UniqueIdentifier>{90ad5dcd-68bc-4222-9ecb-c482d58a9543}</UniqueIdentifier>
    </Filter>
    <Filter Include="Source\Entities\Enemies">
      <UniqueIdentifier>{2775143e-43a8-40c2-9698-8781690f3110}</UniqueIdentifier>
    </Filter>
    <Filter Include="Source\Level\Backgrounds">
      <UniqueIdentifier>{f7b63e6b-1146-490c-9a7d-ad73d9447c1f}</UniqueIdentifier>
    </Filter>
    <Filter Include="Source\Level\Environments">
      <UniqueIdentifier>{ddea15c5-7454-4e0d-9488-79b4dd7987ff}</UniqueIdentifier>
    </Filter>
    <Filter Include="Source\GUI\Menus\Dialog">
      <UniqueIdentifier>{8474dc60-2c22-48a3-9d10-0fa486fe9f7f}</UniqueIdentifier>
    </Filter>
    <Filter Include="Source\Shaders">
      <UniqueIdentifier>{8367ac51-be2e-46e9-b371-6f6c31939b3c}</UniqueIdentifier>
    </Filter>
    <Filter Include="Source\Level\Backgrounds\MatrixRain">
      <UniqueIdentifier>{c0c0cd09-b0fd-4c81-a0e2-b0f360621af6}</UniqueIdentifier>
    </Filter>
    <Filter Include="Source\GUI\Menus\HackerMode">
      <UniqueIdentifier>{b7fe6d4b-2ded-42d6-afd6-82356a8ce133}</UniqueIdentifier>
    </Filter>
    <Filter Include="Source\Objects\Collision">
      <UniqueIdentifier>{94e5f613-0f3a-49b6-a7f0-ccafed96546a}</UniqueIdentifier>
    </Filter>
    <Filter Include="Source\Objects\Projectiles">
      <UniqueIdentifier>{9d7c6cdb-e262-4910-8cc2-e20e7dc00d4e}</UniqueIdentifier>
    </Filter>
    <Filter Include="Source\Objects\Interactables">
      <UniqueIdentifier>{0852c3e4-fc82-4678-9a59-dbb701f51a8f}</UniqueIdentifier>
    </Filter>
    <Filter Include="Source\Objects\Hackables">
      <UniqueIdentifier>{af157143-ff33-4a8a-888f-56b9fd04564e}</UniqueIdentifier>
    </Filter>
    <Filter Include="Source\Minigames">
      <UniqueIdentifier>{08081095-b5ff-4eae-af2d-267645d6584d}</UniqueIdentifier>
    </Filter>
    <Filter Include="Source\Entities\Npcs">
      <UniqueIdentifier>{1febd58c-fd81-4bf6-a498-dc590c8d3379}</UniqueIdentifier>
    </Filter>
    <Filter Include="Source\Level\Parser">
      <UniqueIdentifier>{b43fde59-32a1-4a22-a5ff-05d9b70d3a27}</UniqueIdentifier>
    </Filter>
    <Filter Include="Source\Minigames\Hexium">
      <UniqueIdentifier>{f4b1560a-37c3-4bc4-996d-b5034b0d838d}</UniqueIdentifier>
    </Filter>
    <Filter Include="Source\Save">
      <UniqueIdentifier>{b6ef2437-2a70-445e-adb7-dd0b257f1047}</UniqueIdentifier>
    </Filter>
    <Filter Include="Source\Minigames\Hexium\Components">
      <UniqueIdentifier>{87c40124-5e4e-4a9d-a46c-ded427cf7a16}</UniqueIdentifier>
    </Filter>
    <Filter Include="Source\Fight">
      <UniqueIdentifier>{8a90eea5-d921-44a6-993e-18919fca3c49}</UniqueIdentifier>
    </Filter>
    <Filter Include="Source\GUI\Menus\LoadingScreen">
      <UniqueIdentifier>{5b766df7-ace8-43f1-bf59-f0f9d699f795}</UniqueIdentifier>
    </Filter>
    <Filter Include="Source\Entities\Enemies\Caverns">
      <UniqueIdentifier>{ffa13134-18c2-4485-8a7c-bfb335334408}</UniqueIdentifier>
    </Filter>
    <Filter Include="Source\Entities\Enemies\Forest">
      <UniqueIdentifier>{ffedeb11-512c-47dc-b60b-a91df41e1fe2}</UniqueIdentifier>
    </Filter>
    <Filter Include="Source\Entities\Enemies\Jungle">
      <UniqueIdentifier>{2f08e056-7425-407e-9bf1-f9d1abd6e318}</UniqueIdentifier>
    </Filter>
    <Filter Include="Source\Entities\Enemies\Obelisk">
      <UniqueIdentifier>{88d85204-53bb-4bce-9762-7d15f46c7797}</UniqueIdentifier>
    </Filter>
    <Filter Include="Source\Entities\Enemies\Ruins">
      <UniqueIdentifier>{3dc074bf-579d-4e42-a335-d6e656dfac6c}</UniqueIdentifier>
    </Filter>
    <Filter Include="Source\Entities\Enemies\Snow">
      <UniqueIdentifier>{1d5d0fa9-2bc6-4d2d-9b86-e4495c16d8de}</UniqueIdentifier>
    </Filter>
    <Filter Include="Source\Entities\Enemies\Volcano">
      <UniqueIdentifier>{d1f43d9a-31f0-4f52-bf65-da343e7884bf}</UniqueIdentifier>
    </Filter>
    <Filter Include="Source\Entities\Enemies\Castle">
      <UniqueIdentifier>{03f87c9a-f720-465f-a5c1-2fee707e65e6}</UniqueIdentifier>
    </Filter>
    <Filter Include="Source\Events">
      <UniqueIdentifier>{e9ef9eef-8a01-4d65-b231-b8b59fc9ac49}</UniqueIdentifier>
    </Filter>
    <Filter Include="Source\Objects\Interactables\Plushies">
      <UniqueIdentifier>{66257141-b1a3-4a9a-bdd3-890ecc9ac4ea}</UniqueIdentifier>
    </Filter>
    <Filter Include="Source\Entities\Enemies\Mech">
      <UniqueIdentifier>{76e6c2db-8ed9-4f39-8662-c09195d7ea0a}</UniqueIdentifier>
    </Filter>
  </ItemGroup>
  <ItemGroup>
    <ClCompile Include="Source\Game.cpp">
      <Filter>Source</Filter>
    </ClCompile>
    <ClCompile Include="Source\Level\Level.cpp">
      <Filter>Source\Level</Filter>
    </ClCompile>
    <ClCompile Include="Source\Entities\Entity.cpp">
      <Filter>Source\Entities</Filter>
    </ClCompile>
    <ClCompile Include="Source\Main.cpp">
      <Filter>Source</Filter>
    </ClCompile>
    <ClCompile Include="Source\Resources.cpp">
      <Filter>Source</Filter>
    </ClCompile>
    <ClCompile Include="Source\Window.cpp">
      <Filter>Source</Filter>
    </ClCompile>
    <ClCompile Include="Source\Config\ConfigManager.cpp">
      <Filter>Source\Config</Filter>
    </ClCompile>
    <ClCompile Include="Source\GUI\Menus\Options\OptionsMenu.cpp">
      <Filter>Source\GUI\Menus\Options</Filter>
    </ClCompile>
    <ClCompile Include="Source\GUI\Menus\Pause\PauseMenu.cpp">
      <Filter>Source\GUI\Menus\Pause</Filter>
    </ClCompile>
    <ClCompile Include="Source\GUI\Components\InfiniteParallaxNode.cpp">
      <Filter>Source\GUI\Components</Filter>
    </ClCompile>
    <ClCompile Include="Source\GUI\Components\MenuSprite.cpp">
      <Filter>Source\GUI\Components</Filter>
    </ClCompile>
    <ClCompile Include="Source\GUI\Components\FloatingSprite.cpp">
      <Filter>Source\GUI\Components</Filter>
    </ClCompile>
    <ClCompile Include="Source\GUI\Components\Mouse.cpp">
      <Filter>Source\GUI\Components</Filter>
    </ClCompile>
    <ClCompile Include="Source\Config\SoundManager.cpp">
      <Filter>Source\Config</Filter>
    </ClCompile>
    <ClCompile Include="Source\GUI\Menus\MenuBackground.cpp">
      <Filter>Source\GUI\Menus</Filter>
    </ClCompile>
    <ClCompile Include="Source\GUI\Menus\Story\StoryMap.cpp">
      <Filter>Source\GUI\Menus\Story</Filter>
    </ClCompile>
    <ClCompile Include="Source\GUI\Menus\Story\MapNode.cpp">
      <Filter>Source\GUI\Menus\Story</Filter>
    </ClCompile>
    <ClCompile Include="Source\GUI\Menus\Tutorial\TutorialItem.cpp">
      <Filter>Source\GUI\Menus\Tutorial</Filter>
    </ClCompile>
    <ClCompile Include="Source\GUI\Menus\Tutorial\TutorialScreen.cpp">
      <Filter>Source\GUI\Menus\Tutorial</Filter>
    </ClCompile>
    <ClCompile Include="Source\GUI\Menus\Title\TitleScreen.cpp">
      <Filter>Source\GUI\Menus\Title</Filter>
    </ClCompile>
    <ClCompile Include="Source\GUI\Menus\Title\HackerMode.cpp">
      <Filter>Source\GUI\Menus\Title</Filter>
    </ClCompile>
    <ClCompile Include="Source\GUI\Menus\Confirmation\ConfirmationMenu.cpp">
      <Filter>Source\GUI\Menus\Confirmation</Filter>
    </ClCompile>
    <ClCompile Include="Source\GUI\Components\FadeScene.cpp">
      <Filter>Source\GUI\Components</Filter>
    </ClCompile>
    <ClCompile Include="Source\Input\InputManager.cpp">
      <Filter>Source\Input</Filter>
    </ClCompile>
    <ClCompile Include="Source\Entities\Player\Player.cpp">
      <Filter>Source\Entities\Player</Filter>
    </ClCompile>
    <ClCompile Include="Source\Entities\Player\Hover.cpp">
      <Filter>Source\Entities\Player</Filter>
    </ClCompile>
    <ClCompile Include="Source\Level\LevelCamera.cpp">
      <Filter>Source\Level</Filter>
    </ClCompile>
    <ClCompile Include="Source\Level\Backgrounds\MountainBackground.cpp">
      <Filter>Source\Level\Backgrounds</Filter>
    </ClCompile>
    <ClCompile Include="Source\Level\Backgrounds\JungleBackground.cpp">
      <Filter>Source\Level\Backgrounds</Filter>
    </ClCompile>
    <ClCompile Include="Source\Level\Environments\JungleEnvironment.cpp">
      <Filter>Source\Level\Environments</Filter>
    </ClCompile>
    <ClCompile Include="Source\GUI\Components\MenuLabel.cpp">
      <Filter>Source\GUI\Components</Filter>
    </ClCompile>
    <ClCompile Include="Source\GUI\Menus\Title\TitleScreenBackground.cpp">
      <Filter>Source\GUI\Menus\Title</Filter>
    </ClCompile>
    <ClCompile Include="Source\GUI\Menus\Dialog\DialogMenu.cpp">
      <Filter>Source\GUI\Menus\Dialog</Filter>
    </ClCompile>
    <ClCompile Include="Source\Shaders\ShaderUtils.cpp">
      <Filter>Source\Shaders</Filter>
    </ClCompile>
    <ClCompile Include="Source\Shaders\PostProcess.cpp">
      <Filter>Source\Shaders</Filter>
    </ClCompile>
    <ClCompile Include="Source\Level\Backgrounds\MatrixRain\MatrixLetter.cpp">
      <Filter>Source\Level\Backgrounds\MatrixRain</Filter>
    </ClCompile>
    <ClCompile Include="Source\Level\Backgrounds\MatrixRain\MatrixRain.cpp">
      <Filter>Source\Level\Backgrounds\MatrixRain</Filter>
    </ClCompile>
    <ClCompile Include="Source\Level\Backgrounds\MatrixRain\MatrixStrand.cpp">
      <Filter>Source\Level\Backgrounds\MatrixRain</Filter>
    </ClCompile>
    <ClCompile Include="Source\Objects\Collision\CollisionObject.cpp">
      <Filter>Source\Objects\Collision</Filter>
    </ClCompile>
    <ClCompile Include="Source\Objects\ParallaxObject.cpp">
      <Filter>Source\Objects</Filter>
    </ClCompile>
    <ClCompile Include="Source\Objects\Projectiles\EggProjectile.cpp">
      <Filter>Source\Objects\Projectiles</Filter>
    </ClCompile>
    <ClCompile Include="Source\Objects\Interactables\WarpGate.cpp">
      <Filter>Source\Objects\Interactables</Filter>
    </ClCompile>
    <ClCompile Include="Source\Objects\Interactables\Monitor.cpp">
      <Filter>Source\Objects\Interactables</Filter>
    </ClCompile>
    <ClCompile Include="Source\Objects\Hackables\HackableObject.cpp">
      <Filter>Source\Objects\Hackables</Filter>
    </ClCompile>
    <ClCompile Include="Source\Objects\Interactables\WarpGateExactScanTutorial.cpp">
      <Filter>Source\Objects\Interactables</Filter>
    </ClCompile>
    <ClCompile Include="Source\GUI\Menus\HackerMode\RadialMenu.cpp">
      <Filter>Source\GUI\Menus\HackerMode</Filter>
    </ClCompile>
    <ClCompile Include="Source\Objects\Hackables\HackableCode.cpp">
      <Filter>Source\Objects\Hackables</Filter>
    </ClCompile>
    <ClCompile Include="Source\Objects\Hackables\HackableData.cpp">
      <Filter>Source\Objects\Hackables</Filter>
    </ClCompile>
    <ClCompile Include="Source\Objects\Hackables\HackableAttribute.cpp">
      <Filter>Source\Objects\Hackables</Filter>
    </ClCompile>
    <ClCompile Include="Source\Utils\HackUtils.cpp">
      <Filter>Source\Utils</Filter>
    </ClCompile>
    <ClCompile Include="Source\GUI\Components\MouseOverPanel.cpp">
      <Filter>Source\GUI\Components</Filter>
    </ClCompile>
    <ClCompile Include="Source\GUI\Menus\HackerMode\CodeEditor.cpp">
      <Filter>Source\GUI\Menus\HackerMode</Filter>
    </ClCompile>
    <ClCompile Include="Source\GUI\Components\CRadioButton.cpp">
      <Filter>Source\GUI\Components</Filter>
    </ClCompile>
    <ClCompile Include="Source\GUI\Components\CSlider.cpp">
      <Filter>Source\GUI\Components</Filter>
    </ClCompile>
    <ClCompile Include="Source\Utils\StrUtils.cpp">
      <Filter>Source\Utils</Filter>
    </ClCompile>
    <ClCompile Include="Source\GUI\Components\TextWindow.cpp">
      <Filter>Source\GUI\Components</Filter>
    </ClCompile>
    <ClCompile Include="Source\GUI\Components\EditableTextWindow.cpp">
      <Filter>Source\GUI\Components</Filter>
    </ClCompile>
    <ClCompile Include="Source\GUI\Components\CCheckbox.cpp">
      <Filter>Source\GUI\Components</Filter>
    </ClCompile>
    <ClCompile Include="Source\Entities\Npcs\Knight.cpp">
      <Filter>Source\Entities\Npcs</Filter>
    </ClCompile>
    <ClCompile Include="Source\Level\Parser\Parser.cpp">
      <Filter>Source\Level\Parser</Filter>
    </ClCompile>
    <ClCompile Include="Source\GUI\HUD\HackerModeHud.cpp">
      <Filter>Source\GUI\HUD</Filter>
    </ClCompile>
    <ClCompile Include="Source\Entities\Npcs\NpcBase.cpp">
      <Filter>Source\Entities\Npcs</Filter>
    </ClCompile>
    <ClCompile Include="Source\GUI\HUD\Hud.cpp">
      <Filter>Source\GUI\HUD</Filter>
    </ClCompile>
    <ClCompile Include="Source\Minigames\Hexium\Card.cpp">
      <Filter>Source\Minigames\Hexium</Filter>
    </ClCompile>
    <ClCompile Include="Source\Minigames\Hexium\CardStorage.cpp">
      <Filter>Source\Minigames\Hexium</Filter>
    </ClCompile>
    <ClCompile Include="Source\Minigames\Hexium\Deck.cpp">
      <Filter>Source\Minigames\Hexium</Filter>
    </ClCompile>
    <ClCompile Include="Source\Minigames\Hexium\Hexium.cpp">
      <Filter>Source\Minigames\Hexium</Filter>
    </ClCompile>
    <ClCompile Include="Source\Utils\GameUtils.cpp">
      <Filter>Source\Utils</Filter>
    </ClCompile>
    <ClCompile Include="Source\Utils\MathUtils.cpp">
      <Filter>Source\Utils</Filter>
    </ClCompile>
    <ClCompile Include="Source\Minigames\Hexium\CardData.cpp">
      <Filter>Source\Minigames\Hexium</Filter>
    </ClCompile>
    <ClCompile Include="Source\Save\SaveManager.cpp">
      <Filter>Source\Save</Filter>
    </ClCompile>
    <ClCompile Include="Source\Minigames\Hexium\CardRow.cpp">
      <Filter>Source\Minigames\Hexium</Filter>
    </ClCompile>
    <ClCompile Include="Source\Minigames\Hexium\GameState.cpp">
      <Filter>Source\Minigames\Hexium</Filter>
    </ClCompile>
    <ClCompile Include="Source\Minigames\Hexium\Config.cpp">
      <Filter>Source\Minigames\Hexium</Filter>
    </ClCompile>
    <ClCompile Include="Source\Minigames\Hexium\Components\CoinFlip.cpp">
      <Filter>Source\Minigames\Hexium\Components</Filter>
    </ClCompile>
    <ClCompile Include="Source\Minigames\Hexium\Components\CardPreview.cpp">
      <Filter>Source\Minigames\Hexium\Components</Filter>
    </ClCompile>
    <ClCompile Include="Source\Minigames\Hexium\Components\LossesDisplay.cpp">
      <Filter>Source\Minigames\Hexium\Components</Filter>
    </ClCompile>
    <ClCompile Include="Source\Minigames\Hexium\Components\ScoreTotal.cpp">
      <Filter>Source\Minigames\Hexium\Components</Filter>
    </ClCompile>
    <ClCompile Include="Source\Minigames\Hexium\Components\ComponentBase.cpp">
      <Filter>Source\Minigames\Hexium\Components</Filter>
    </ClCompile>
    <ClCompile Include="Source\Minigames\Hexium\Components\RowTotals.cpp">
      <Filter>Source\Minigames\Hexium\Components</Filter>
    </ClCompile>
    <ClCompile Include="Source\Minigames\Hexium\Components\DeckCardCountDisplay.cpp">
      <Filter>Source\Minigames\Hexium\Components</Filter>
    </ClCompile>
    <ClCompile Include="Source\Minigames\Hexium\Components\HandCardCountDisplay.cpp">
      <Filter>Source\Minigames\Hexium\Components</Filter>
    </ClCompile>
    <ClCompile Include="Source\Minigames\Hexium\Components\Avatars.cpp">
      <Filter>Source\Minigames\Hexium\Components</Filter>
    </ClCompile>
    <ClCompile Include="Source\Minigames\Hexium\Components\Banners.cpp">
      <Filter>Source\Minigames\Hexium\Components</Filter>
    </ClCompile>
    <ClCompile Include="Source\Minigames\Hexium\Components\ControlDraw.cpp">
      <Filter>Source\Minigames\Hexium\Components</Filter>
    </ClCompile>
    <ClCompile Include="Source\Minigames\Hexium\Components\ControlNeutral.cpp">
      <Filter>Source\Minigames\Hexium\Components</Filter>
    </ClCompile>
    <ClCompile Include="Source\Minigames\Hexium\Components\ControlSacrificeStaged.cpp">
      <Filter>Source\Minigames\Hexium\Components</Filter>
    </ClCompile>
    <ClCompile Include="Source\Minigames\Hexium\Components\ControlSelectionStaged.cpp">
      <Filter>Source\Minigames\Hexium\Components</Filter>
    </ClCompile>
    <ClCompile Include="Source\Minigames\Hexium\Components\ControlEndTurn.cpp">
      <Filter>Source\Minigames\Hexium\Components</Filter>
    </ClCompile>
    <ClCompile Include="Source\Fight\Fight.cpp">
      <Filter>Source\Fight</Filter>
    </ClCompile>
    <ClCompile Include="Source\Minigames\Hexium\Components\ControlReplaceCards.cpp">
      <Filter>Source\Minigames\Hexium\Components</Filter>
    </ClCompile>
    <ClCompile Include="Source\Level\Parser\CollisionParser.cpp">
      <Filter>Source\Level\Parser</Filter>
    </ClCompile>
    <ClCompile Include="Source\Level\Parser\DecorParser.cpp">
      <Filter>Source\Level\Parser</Filter>
    </ClCompile>
    <ClCompile Include="Source\Level\Parser\ObjectParser.cpp">
      <Filter>Source\Level\Parser</Filter>
    </ClCompile>
    <ClCompile Include="Source\Level\Parser\ParallaxParser.cpp">
      <Filter>Source\Level\Parser</Filter>
    </ClCompile>
    <ClCompile Include="Source\Level\Parser\TileParser.cpp">
      <Filter>Source\Level\Parser</Filter>
    </ClCompile>
    <ClCompile Include="Source\Level\Parser\EnvironmentParser.cpp">
      <Filter>Source\Level\Parser</Filter>
    </ClCompile>
    <ClCompile Include="Source\Level\Parser\EntityParser.cpp">
      <Filter>Source\Level\Parser</Filter>
    </ClCompile>
    <ClCompile Include="Source\Level\LevelMap.cpp">
      <Filter>Source\Level</Filter>
    </ClCompile>
    <ClCompile Include="Source\GUI\Menus\LoadingScreen\LoadingScreen.cpp">
      <Filter>Source\GUI\Menus\LoadingScreen</Filter>
    </ClCompile>
    <ClCompile Include="Source\GUI\Components\CProgressBar.cpp">
      <Filter>Source\GUI\Components</Filter>
    </ClCompile>
    <ClCompile Include="Source\Entities\Enemies\Castle\BossWitch.cpp">
      <Filter>Source\Entities\Enemies\Castle</Filter>
    </ClCompile>
    <ClCompile Include="Source\Entities\Enemies\Castle\Ghost.cpp">
      <Filter>Source\Entities\Enemies\Castle</Filter>
    </ClCompile>
    <ClCompile Include="Source\Entities\Enemies\Castle\Harpy.cpp">
      <Filter>Source\Entities\Enemies\Castle</Filter>
    </ClCompile>
    <ClCompile Include="Source\Entities\Enemies\Castle\Jack.cpp">
      <Filter>Source\Entities\Enemies\Castle</Filter>
    </ClCompile>
    <ClCompile Include="Source\Entities\Enemies\Castle\VampireLord.cpp">
      <Filter>Source\Entities\Enemies\Castle</Filter>
    </ClCompile>
    <ClCompile Include="Source\Entities\Enemies\Caverns\BlackWidow.cpp">
      <Filter>Source\Entities\Enemies\Caverns</Filter>
    </ClCompile>
    <ClCompile Include="Source\Entities\Enemies\Caverns\BossKrampus.cpp">
      <Filter>Source\Entities\Enemies\Caverns</Filter>
    </ClCompile>
    <ClCompile Include="Source\Entities\Enemies\Caverns\EarthGolem.cpp">
      <Filter>Source\Entities\Enemies\Caverns</Filter>
    </ClCompile>
    <ClCompile Include="Source\Entities\Enemies\Caverns\ForestGolem.cpp">
      <Filter>Source\Entities\Enemies\Caverns</Filter>
    </ClCompile>
    <ClCompile Include="Source\Entities\Enemies\Caverns\RockGolem.cpp">
      <Filter>Source\Entities\Enemies\Caverns</Filter>
    </ClCompile>
    <ClCompile Include="Source\Entities\Enemies\Forest\Cyclops.cpp">
      <Filter>Source\Entities\Enemies\Forest</Filter>
    </ClCompile>
    <ClCompile Include="Source\Entities\Enemies\Forest\GoblinShaman.cpp">
      <Filter>Source\Entities\Enemies\Forest</Filter>
    </ClCompile>
    <ClCompile Include="Source\Entities\Enemies\Forest\OrcGrunt.cpp">
      <Filter>Source\Entities\Enemies\Forest</Filter>
    </ClCompile>
    <ClCompile Include="Source\Entities\Enemies\Forest\OrcWarrior.cpp">
      <Filter>Source\Entities\Enemies\Forest</Filter>
    </ClCompile>
    <ClCompile Include="Source\Entities\Enemies\Forest\Troll.cpp">
      <Filter>Source\Entities\Enemies\Forest</Filter>
    </ClCompile>
    <ClCompile Include="Source\Entities\Enemies\Jungle\BossRhinoman.cpp">
      <Filter>Source\Entities\Enemies\Jungle</Filter>
    </ClCompile>
    <ClCompile Include="Source\Entities\Enemies\Jungle\JungleDragon.cpp">
      <Filter>Source\Entities\Enemies\Jungle</Filter>
    </ClCompile>
    <ClCompile Include="Source\Entities\Enemies\Jungle\Minotaur.cpp">
      <Filter>Source\Entities\Enemies\Jungle</Filter>
    </ClCompile>
    <ClCompile Include="Source\Entities\Enemies\Jungle\PigDemon.cpp">
      <Filter>Source\Entities\Enemies\Jungle</Filter>
    </ClCompile>
    <ClCompile Include="Source\Entities\Enemies\Obelisk\Abomination.cpp">
      <Filter>Source\Entities\Enemies\Obelisk</Filter>
    </ClCompile>
    <ClCompile Include="Source\Entities\Enemies\Obelisk\BossSkeletonKing.cpp">
      <Filter>Source\Entities\Enemies\Obelisk</Filter>
    </ClCompile>
    <ClCompile Include="Source\Entities\Enemies\Obelisk\DarkDragon.cpp">
      <Filter>Source\Entities\Enemies\Obelisk</Filter>
    </ClCompile>
    <ClCompile Include="Source\Entities\Enemies\Obelisk\SkeletonBaron.cpp">
      <Filter>Source\Entities\Enemies\Obelisk</Filter>
    </ClCompile>
    <ClCompile Include="Source\Entities\Enemies\Obelisk\SkeletonCleaver.cpp">
      <Filter>Source\Entities\Enemies\Obelisk</Filter>
    </ClCompile>
    <ClCompile Include="Source\Entities\Enemies\Obelisk\SkeletonPriestess.cpp">
      <Filter>Source\Entities\Enemies\Obelisk</Filter>
    </ClCompile>
    <ClCompile Include="Source\Entities\Enemies\Obelisk\Undead.cpp">
      <Filter>Source\Entities\Enemies\Obelisk</Filter>
    </ClCompile>
    <ClCompile Include="Source\Entities\Enemies\Obelisk\VoidDemon.cpp">
      <Filter>Source\Entities\Enemies\Obelisk</Filter>
    </ClCompile>
    <ClCompile Include="Source\Entities\Enemies\Ruins\AnubisWarrior.cpp">
      <Filter>Source\Entities\Enemies\Ruins</Filter>
    </ClCompile>
    <ClCompile Include="Source\Entities\Enemies\Ruins\Lioness.cpp">
      <Filter>Source\Entities\Enemies\Ruins</Filter>
    </ClCompile>
    <ClCompile Include="Source\Entities\Enemies\Ruins\Medusa.cpp">
      <Filter>Source\Entities\Enemies\Ruins</Filter>
    </ClCompile>
    <ClCompile Include="Source\Entities\Enemies\Ruins\Mermaid.cpp">
      <Filter>Source\Entities\Enemies\Ruins</Filter>
    </ClCompile>
    <ClCompile Include="Source\Entities\Enemies\Snow\EvilSnowman.cpp">
      <Filter>Source\Entities\Enemies\Snow</Filter>
    </ClCompile>
    <ClCompile Include="Source\Entities\Enemies\Snow\FrostDragon.cpp">
      <Filter>Source\Entities\Enemies\Snow</Filter>
    </ClCompile>
    <ClCompile Include="Source\Entities\Enemies\Snow\GoblinElf.cpp">
      <Filter>Source\Entities\Enemies\Snow</Filter>
    </ClCompile>
    <ClCompile Include="Source\Entities\Enemies\Snow\IceGolem.cpp">
      <Filter>Source\Entities\Enemies\Snow</Filter>
    </ClCompile>
    <ClCompile Include="Source\Entities\Enemies\Snow\TinyIceGolem.cpp">
      <Filter>Source\Entities\Enemies\Snow</Filter>
    </ClCompile>
    <ClCompile Include="Source\Entities\Enemies\Volcano\CritterDemon.cpp">
      <Filter>Source\Entities\Enemies\Volcano</Filter>
    </ClCompile>
    <ClCompile Include="Source\Entities\Enemies\Volcano\DemonRogue.cpp">
      <Filter>Source\Entities\Enemies\Volcano</Filter>
    </ClCompile>
    <ClCompile Include="Source\Entities\Enemies\Volcano\DemonShaman.cpp">
      <Filter>Source\Entities\Enemies\Volcano</Filter>
    </ClCompile>
    <ClCompile Include="Source\Entities\Enemies\Volcano\DemonWarrior.cpp">
      <Filter>Source\Entities\Enemies\Volcano</Filter>
    </ClCompile>
    <ClCompile Include="Source\Entities\Enemies\Volcano\LavaGolem.cpp">
      <Filter>Source\Entities\Enemies\Volcano</Filter>
    </ClCompile>
    <ClCompile Include="Source\Events\DialogEvents.cpp">
      <Filter>Source\Events</Filter>
    </ClCompile>
    <ClCompile Include="Source\Events\MouseEvents.cpp">
      <Filter>Source\Events</Filter>
    </ClCompile>
    <ClCompile Include="Source\Events\NavigationEvents.cpp">
      <Filter>Source\Events</Filter>
    </ClCompile>
    <ClCompile Include="Source\Entities\Enemy.cpp">
      <Filter>Source\Entities</Filter>
    </ClCompile>
    <ClCompile Include="Source\Entities\Enemies\Ruins\MummyPharaoh.cpp">
      <Filter>Source\Entities\Enemies\Ruins</Filter>
    </ClCompile>
    <ClCompile Include="Source\Objects\Interactables\Plushies\Plushie.cpp">
      <Filter>Source\Objects\Interactables\Plushies</Filter>
    </ClCompile>
    <ClCompile Include="Source\Objects\Interactables\Plushies\PlushieMonkey.cpp">
      <Filter>Source\Objects\Interactables\Plushies</Filter>
    </ClCompile>
    <ClCompile Include="Source\Objects\Interactables\Chest.cpp">
      <Filter>Source\Objects\Interactables</Filter>
    </ClCompile>
    <ClCompile Include="Source\Events\HackableEvents.cpp">
      <Filter>Source\Events</Filter>
    </ClCompile>
    <ClCompile Include="Source\Events\HexusEvents.cpp">
      <Filter>Source\Events</Filter>
    </ClCompile>
    <ClCompile Include="Source\Objects\Interactables\Wind.cpp">
      <Filter>Source\Objects\Interactables</Filter>
    </ClCompile>
    <ClCompile Include="Source\Level\Backgrounds\SnowBackground.cpp">
      <Filter>Source\Level\Backgrounds</Filter>
    </ClCompile>
    <ClCompile Include="Source\Level\Environments\SnowEnvironment.cpp">
      <Filter>Source\Level\Environments</Filter>
    </ClCompile>
    <ClCompile Include="Source\Level\Backgrounds\OceanBackground.cpp">
      <Filter>Source\Level\Backgrounds</Filter>
    </ClCompile>
    <ClCompile Include="Source\Entities\Enemies\Forest\BossDragonOrcKing.cpp">
      <Filter>Source\Entities\Enemies\Forest</Filter>
    </ClCompile>
    <ClCompile Include="Source\Entities\Enemies\Forest\GoblinGruntBoar.cpp">
      <Filter>Source\Entities\Enemies\Forest</Filter>
    </ClCompile>
    <ClCompile Include="Source\Entities\Enemies\Forest\GoblinGuard.cpp">
      <Filter>Source\Entities\Enemies\Forest</Filter>
    </ClCompile>
    <ClCompile Include="Source\Entities\Enemies\Forest\GoblinWarriorPig.cpp">
      <Filter>Source\Entities\Enemies\Forest</Filter>
    </ClCompile>
    <ClCompile Include="Source\Entities\Enemies\Forest\Ent.cpp">
      <Filter>Source\Entities\Enemies\Forest</Filter>
    </ClCompile>
    <ClCompile Include="Source\Entities\Enemies\Forest\EntMage.cpp">
      <Filter>Source\Entities\Enemies\Forest</Filter>
    </ClCompile>
    <ClCompile Include="Source\Entities\Enemies\Jungle\GoblinGrunt.cpp">
      <Filter>Source\Entities\Enemies\Jungle</Filter>
    </ClCompile>
    <ClCompile Include="Source\Entities\Enemies\Jungle\GoblinSwordsman.cpp">
      <Filter>Source\Entities\Enemies\Jungle</Filter>
    </ClCompile>
    <ClCompile Include="Source\Entities\Enemies\Jungle\Mantis.cpp">
      <Filter>Source\Entities\Enemies\Jungle</Filter>
    </ClCompile>
    <ClCompile Include="Source\Entities\Enemies\Jungle\TikiGolem.cpp">
      <Filter>Source\Entities\Enemies\Jungle</Filter>
    </ClCompile>
    <ClCompile Include="Source\Entities\Enemies\Jungle\PurpleDinosaur.cpp">
      <Filter>Source\Entities\Enemies\Jungle</Filter>
    </ClCompile>
    <ClCompile Include="Source\Entities\Enemies\Jungle\TikiWarrior.cpp">
      <Filter>Source\Entities\Enemies\Jungle</Filter>
    </ClCompile>
    <ClCompile Include="Source\Entities\Enemies\Obelisk\DemonArcher.cpp">
      <Filter>Source\Entities\Enemies\Obelisk</Filter>
    </ClCompile>
    <ClCompile Include="Source\Entities\Enemies\Obelisk\BatDemon.cpp">
      <Filter>Source\Entities\Enemies\Obelisk</Filter>
    </ClCompile>
    <ClCompile Include="Source\Entities\Enemies\Ruins\BossEgyptianGoddess.cpp">
      <Filter>Source\Entities\Enemies\Ruins</Filter>
    </ClCompile>
    <ClCompile Include="Source\Entities\Enemies\Ruins\AnubisTiny.cpp">
      <Filter>Source\Entities\Enemies\Ruins</Filter>
    </ClCompile>
    <ClCompile Include="Source\Entities\Enemies\Ruins\LionMan.cpp">
      <Filter>Source\Entities\Enemies\Ruins</Filter>
    </ClCompile>
    <ClCompile Include="Source\Entities\Enemies\Ruins\MedusaSmall.cpp">
      <Filter>Source\Entities\Enemies\Ruins</Filter>
    </ClCompile>
    <ClCompile Include="Source\Entities\Enemies\Ruins\Tigress.cpp">
      <Filter>Source\Entities\Enemies\Ruins</Filter>
    </ClCompile>
    <ClCompile Include="Source\Entities\Enemies\Snow\BossIceGolem.cpp">
      <Filter>Source\Entities\Enemies\Snow</Filter>
    </ClCompile>
    <ClCompile Include="Source\Entities\Enemies\Snow\FrostShooter.cpp">
      <Filter>Source\Entities\Enemies\Snow</Filter>
    </ClCompile>
    <ClCompile Include="Source\Entities\Enemies\Snow\Yeti.cpp">
      <Filter>Source\Entities\Enemies\Snow</Filter>
    </ClCompile>
    <ClCompile Include="Source\Entities\Enemies\Snow\YetiWarrior.cpp">
      <Filter>Source\Entities\Enemies\Snow</Filter>
    </ClCompile>
    <ClCompile Include="Source\Entities\Enemies\Snow\ToySoldierGoblin.cpp">
      <Filter>Source\Entities\Enemies\Snow</Filter>
    </ClCompile>
    <ClCompile Include="Source\Entities\Enemies\Snow\WaterElemental.cpp">
      <Filter>Source\Entities\Enemies\Snow</Filter>
    </ClCompile>
    <ClCompile Include="Source\Entities\Enemies\Volcano\DemonDragon.cpp">
      <Filter>Source\Entities\Enemies\Volcano</Filter>
    </ClCompile>
    <ClCompile Include="Source\Entities\Enemies\Volcano\DemonGhost.cpp">
      <Filter>Source\Entities\Enemies\Volcano</Filter>
    </ClCompile>
    <ClCompile Include="Source\Entities\Enemies\Volcano\FireElemental.cpp">
      <Filter>Source\Entities\Enemies\Volcano</Filter>
    </ClCompile>
    <ClCompile Include="Source\Entities\Enemies\Volcano\DemonGrunt.cpp">
      <Filter>Source\Entities\Enemies\Volcano</Filter>
    </ClCompile>
    <ClCompile Include="Source\Entities\Enemies\Volcano\BossDemonKing.cpp">
      <Filter>Source\Entities\Enemies\Volcano</Filter>
    </ClCompile>
    <ClCompile Include="Source\Entities\Enemies\Volcano\DemonSwordsman.cpp">
      <Filter>Source\Entities\Enemies\Volcano</Filter>
    </ClCompile>
    <ClCompile Include="Source\Entities\Enemies\Mech\BigHandsBot.cpp">
      <Filter>Source\Entities\Enemies\Mech</Filter>
    </ClCompile>
    <ClCompile Include="Source\Entities\Enemies\Mech\BossEvilEye.cpp">
      <Filter>Source\Entities\Enemies\Mech</Filter>
    </ClCompile>
    <ClCompile Include="Source\Entities\Enemies\Mech\Exterminator.cpp">
      <Filter>Source\Entities\Enemies\Mech</Filter>
    </ClCompile>
    <ClCompile Include="Source\Entities\Enemies\Mech\MechDog.cpp">
      <Filter>Source\Entities\Enemies\Mech</Filter>
    </ClCompile>
    <ClCompile Include="Source\Entities\Enemies\Mech\MechGolem.cpp">
      <Filter>Source\Entities\Enemies\Mech</Filter>
    </ClCompile>
    <ClCompile Include="Source\Entities\Enemies\Mech\MechGolemDark.cpp">
      <Filter>Source\Entities\Enemies\Mech</Filter>
    </ClCompile>
    <ClCompile Include="Source\Entities\Enemies\Mech\MechGuard.cpp">
      <Filter>Source\Entities\Enemies\Mech</Filter>
    </ClCompile>
    <ClCompile Include="Source\Entities\Enemies\Mech\MiteBot.cpp">
      <Filter>Source\Entities\Enemies\Mech</Filter>
    </ClCompile>
    <ClCompile Include="Source\Entities\Enemies\Mech\VikingBot.cpp">
      <Filter>Source\Entities\Enemies\Mech</Filter>
    </ClCompile>
    <ClCompile Include="Source\Entities\Enemies\Mech\VikingBotSmall.cpp">
      <Filter>Source\Entities\Enemies\Mech</Filter>
    </ClCompile>
    <ClCompile Include="Source\Entities\Enemies\Snow\BossSanta.cpp">
      <Filter>Source\Entities\Enemies\Snow</Filter>
    </ClCompile>
    <ClCompile Include="Source\Entities\Enemies\Caverns\EarthElemental.cpp">
      <Filter>Source\Entities\Enemies\Caverns</Filter>
    </ClCompile>
    <ClCompile Include="Source\Entities\Enemies\Caverns\Genie.cpp">
      <Filter>Source\Entities\Enemies\Caverns</Filter>
    </ClCompile>
    <ClCompile Include="Source\Entities\Enemies\Caverns\SkeletonNecromancer.cpp">
      <Filter>Source\Entities\Enemies\Caverns</Filter>
    </ClCompile>
    <ClCompile Include="Source\Entities\Enemies\Caverns\SkeletonWarrior.cpp">
      <Filter>Source\Entities\Enemies\Caverns</Filter>
    </ClCompile>
    <ClCompile Include="Source\Entities\Enemies\Caverns\Shaman.cpp">
      <Filter>Source\Entities\Enemies\Caverns</Filter>
    </ClCompile>
    <ClCompile Include="Source\Entities\Enemies\Caverns\SkeletonArcher.cpp">
      <Filter>Source\Entities\Enemies\Caverns</Filter>
    </ClCompile>
    <ClCompile Include="Source\Entities\Enemies\Castle\Guard.cpp">
      <Filter>Source\Entities\Enemies\Castle</Filter>
    </ClCompile>
    <ClCompile Include="Source\Entities\Enemies\Castle\Reaper.cpp">
      <Filter>Source\Entities\Enemies\Castle</Filter>
    </ClCompile>
    <ClCompile Include="Source\Entities\Enemies\Castle\Vampiress.cpp">
      <Filter>Source\Entities\Enemies\Castle</Filter>
    </ClCompile>
    <ClCompile Include="Source\Entities\Enemies\Castle\Zombie.cpp">
      <Filter>Source\Entities\Enemies\Castle</Filter>
    </ClCompile>
    <ClCompile Include="Source\Entities\Enemies\Castle\SkeletonMage.cpp">
      <Filter>Source\Entities\Enemies\Castle</Filter>
    </ClCompile>
    <ClCompile Include="Source\Entities\Enemies\Jungle\GoblinWarrior.cpp">
      <Filter>Source\Entities\Enemies\Jungle</Filter>
    </ClCompile>
    <ClCompile Include="Source\Entities\Enemies\Obelisk\SkeletonKnight.cpp">
      <Filter>Source\Entities\Enemies\Obelisk</Filter>
    </ClCompile>
    <ClCompile Include="Source\Entities\Enemies\Ruins\TigerMan.cpp">
      <Filter>Source\Entities\Enemies\Ruins</Filter>
    </ClCompile>
  </ItemGroup>
  <ItemGroup>
    <ClInclude Include="Source\Game.h">
      <Filter>Source</Filter>
    </ClInclude>
    <ClInclude Include="Source\Level\Level.h">
      <Filter>Source\Level</Filter>
    </ClInclude>
    <ClInclude Include="Source\Entities\Entity.h">
      <Filter>Source\Entities</Filter>
    </ClInclude>
    <ClInclude Include="Source\Main.h">
      <Filter>Source</Filter>
    </ClInclude>
    <ClInclude Include="Source\Resources.h">
      <Filter>Source</Filter>
    </ClInclude>
    <ClInclude Include="Source\Window.h">
      <Filter>Source</Filter>
    </ClInclude>
    <ClInclude Include="Source\Config\ConfigManager.h">
      <Filter>Source\Config</Filter>
    </ClInclude>
    <ClInclude Include="Source\GUI\Menus\Options\OptionsMenu.h">
      <Filter>Source\GUI\Menus\Options</Filter>
    </ClInclude>
    <ClInclude Include="Source\GUI\Menus\Pause\PauseMenu.h">
      <Filter>Source\GUI\Menus\Pause</Filter>
    </ClInclude>
    <ClInclude Include="Source\GUI\Components\MenuSprite.h">
      <Filter>Source\GUI\Components</Filter>
    </ClInclude>
    <ClInclude Include="Source\GUI\Components\InfiniteParallaxNode.h">
      <Filter>Source\GUI\Components</Filter>
    </ClInclude>
    <ClInclude Include="Source\GUI\Components\FloatingSprite.h">
      <Filter>Source\GUI\Components</Filter>
    </ClInclude>
    <ClInclude Include="Source\GUI\Components\Mouse.h">
      <Filter>Source\GUI\Components</Filter>
    </ClInclude>
    <ClInclude Include="Source\Config\SoundManager.h">
      <Filter>Source\Config</Filter>
    </ClInclude>
    <ClInclude Include="Source\GUI\Menus\MenuBackground.h">
      <Filter>Source\GUI\Menus</Filter>
    </ClInclude>
    <ClInclude Include="Source\GUI\Menus\Story\StoryMap.h">
      <Filter>Source\GUI\Menus\Story</Filter>
    </ClInclude>
    <ClInclude Include="Source\GUI\Menus\Story\MapNode.h">
      <Filter>Source\GUI\Menus\Story</Filter>
    </ClInclude>
    <ClInclude Include="Source\GUI\Menus\Tutorial\TutorialScreen.h">
      <Filter>Source\GUI\Menus\Tutorial</Filter>
    </ClInclude>
    <ClInclude Include="Source\GUI\Menus\Tutorial\TutorialItem.h">
      <Filter>Source\GUI\Menus\Tutorial</Filter>
    </ClInclude>
    <ClInclude Include="Source\GUI\Menus\Title\TitleScreenBackground.h">
      <Filter>Source\GUI\Menus\Title</Filter>
    </ClInclude>
    <ClInclude Include="Source\GUI\Menus\Title\TitleScreen.h">
      <Filter>Source\GUI\Menus\Title</Filter>
    </ClInclude>
    <ClInclude Include="Source\GUI\Menus\Title\HackerMode.h">
      <Filter>Source\GUI\Menus\Title</Filter>
    </ClInclude>
    <ClInclude Include="Source\GUI\Menus\Confirmation\ConfirmationMenu.h">
      <Filter>Source\GUI\Menus\Confirmation</Filter>
    </ClInclude>
    <ClInclude Include="Source\GUI\Components\FadeScene.h">
      <Filter>Source\GUI\Components</Filter>
    </ClInclude>
    <ClInclude Include="Source\Input\InputManager.h">
      <Filter>Source\Input</Filter>
    </ClInclude>
    <ClInclude Include="Source\Entities\Player\Player.h">
      <Filter>Source\Entities\Player</Filter>
    </ClInclude>
    <ClInclude Include="Source\Entities\Player\Hover.h">
      <Filter>Source\Entities\Player</Filter>
    </ClInclude>
    <ClInclude Include="Source\Level\LevelCamera.h">
      <Filter>Source\Level</Filter>
    </ClInclude>
    <ClInclude Include="Source\Level\Backgrounds\MountainBackground.h">
      <Filter>Source\Level\Backgrounds</Filter>
    </ClInclude>
    <ClInclude Include="Source\Level\Backgrounds\JungleBackground.h">
      <Filter>Source\Level\Backgrounds</Filter>
    </ClInclude>
    <ClInclude Include="Source\Level\Environments\JungleEnvironment.h">
      <Filter>Source\Level\Environments</Filter>
    </ClInclude>
    <ClInclude Include="Source\Entities\Entities.h">
      <Filter>Source\Entities</Filter>
    </ClInclude>
    <ClInclude Include="Source\GUI\Components\MenuLabel.h">
      <Filter>Source\GUI\Components</Filter>
    </ClInclude>
    <ClInclude Include="Source\GUI\Menus\Dialog\DialogMenu.h">
      <Filter>Source\GUI\Menus\Dialog</Filter>
    </ClInclude>
    <ClInclude Include="Source\Shaders\ShaderUtils.h">
      <Filter>Source\Shaders</Filter>
    </ClInclude>
    <ClInclude Include="Source\Shaders\PostProcess.h">
      <Filter>Source\Shaders</Filter>
    </ClInclude>
    <ClInclude Include="Source\Level\Backgrounds\MatrixRain\MatrixStrand.h">
      <Filter>Source\Level\Backgrounds\MatrixRain</Filter>
    </ClInclude>
    <ClInclude Include="Source\Level\Backgrounds\MatrixRain\MatrixLetter.h">
      <Filter>Source\Level\Backgrounds\MatrixRain</Filter>
    </ClInclude>
    <ClInclude Include="Source\Level\Backgrounds\MatrixRain\MatrixRain.h">
      <Filter>Source\Level\Backgrounds\MatrixRain</Filter>
    </ClInclude>
    <ClInclude Include="Source\Objects\Collision\CollisionObject.h">
      <Filter>Source\Objects\Collision</Filter>
    </ClInclude>
    <ClInclude Include="Source\Objects\Collision\CategoryGroup.h">
      <Filter>Source\Objects\Collision</Filter>
    </ClInclude>
    <ClInclude Include="Source\Objects\ParallaxObject.h">
      <Filter>Source\Objects</Filter>
    </ClInclude>
    <ClInclude Include="Source\Objects\Objects.h">
      <Filter>Source\Objects</Filter>
    </ClInclude>
    <ClInclude Include="Source\Objects\Projectiles\EggProjectile.h">
      <Filter>Source\Objects\Projectiles</Filter>
    </ClInclude>
    <ClInclude Include="Source\Objects\Interactables\WarpGate.h">
      <Filter>Source\Objects\Interactables</Filter>
    </ClInclude>
    <ClInclude Include="Source\Objects\Interactables\Monitor.h">
      <Filter>Source\Objects\Interactables</Filter>
    </ClInclude>
    <ClInclude Include="Source\Objects\Hackables\HackableObject.h">
      <Filter>Source\Objects\Hackables</Filter>
    </ClInclude>
    <ClInclude Include="Source\Objects\Interactables\WarpGateExactScanTutorial.h">
      <Filter>Source\Objects\Interactables</Filter>
    </ClInclude>
    <ClInclude Include="Source\GUI\Menus\HackerMode\RadialMenu.h">
      <Filter>Source\GUI\Menus\HackerMode</Filter>
    </ClInclude>
    <ClInclude Include="Source\Objects\Hackables\HackableData.h">
      <Filter>Source\Objects\Hackables</Filter>
    </ClInclude>
    <ClInclude Include="Source\Objects\Hackables\HackableCode.h">
      <Filter>Source\Objects\Hackables</Filter>
    </ClInclude>
    <ClInclude Include="Source\Objects\Hackables\HackableAttribute.h">
      <Filter>Source\Objects\Hackables</Filter>
    </ClInclude>
    <ClInclude Include="Source\Utils\HackUtils.h">
      <Filter>Source\Utils</Filter>
    </ClInclude>
    <ClInclude Include="Source\GUI\Components\MouseOverPanel.h">
      <Filter>Source\GUI\Components</Filter>
    </ClInclude>
    <ClInclude Include="Source\GUI\Menus\HackerMode\CodeEditor.h">
      <Filter>Source\GUI\Menus\HackerMode</Filter>
    </ClInclude>
    <ClInclude Include="Source\GUI\Components\CRadioButton.h">
      <Filter>Source\GUI\Components</Filter>
    </ClInclude>
    <ClInclude Include="Source\GUI\Components\CSlider.h">
      <Filter>Source\GUI\Components</Filter>
    </ClInclude>
    <ClInclude Include="Source\Utils\StrUtils.h">
      <Filter>Source\Utils</Filter>
    </ClInclude>
    <ClInclude Include="Source\GUI\Components\TextWindow.h">
      <Filter>Source\GUI\Components</Filter>
    </ClInclude>
    <ClInclude Include="Source\GUI\Components\EditableTextWindow.h">
      <Filter>Source\GUI\Components</Filter>
    </ClInclude>
    <ClInclude Include="Source\GUI\Components\CCheckbox.h">
      <Filter>Source\GUI\Components</Filter>
    </ClInclude>
    <ClInclude Include="Source\Minigames\Minigames.h">
      <Filter>Source\Minigames</Filter>
    </ClInclude>
    <ClInclude Include="Source\Entities\Npcs\Knight.h">
      <Filter>Source\Entities\Npcs</Filter>
    </ClInclude>
    <ClInclude Include="Source\Level\Parser\Parser.h">
      <Filter>Source\Level\Parser</Filter>
    </ClInclude>
    <ClInclude Include="Source\GUI\HUD\HackerModeHud.h">
      <Filter>Source\GUI\HUD</Filter>
    </ClInclude>
    <ClInclude Include="Source\Entities\Npcs\NpcBase.h">
      <Filter>Source\Entities\Npcs</Filter>
    </ClInclude>
    <ClInclude Include="Source\GUI\HUD\Hud.h">
      <Filter>Source\GUI\HUD</Filter>
    </ClInclude>
    <ClInclude Include="Source\Minigames\Hexium\Hexium.h">
      <Filter>Source\Minigames\Hexium</Filter>
    </ClInclude>
    <ClInclude Include="Source\Minigames\Hexium\Card.h">
      <Filter>Source\Minigames\Hexium</Filter>
    </ClInclude>
    <ClInclude Include="Source\Minigames\Hexium\CardStorage.h">
      <Filter>Source\Minigames\Hexium</Filter>
    </ClInclude>
    <ClInclude Include="Source\Minigames\Hexium\Deck.h">
      <Filter>Source\Minigames\Hexium</Filter>
    </ClInclude>
    <ClInclude Include="Source\Utils\GameUtils.h">
      <Filter>Source\Utils</Filter>
    </ClInclude>
    <ClInclude Include="Source\Utils\MathUtils.h">
      <Filter>Source\Utils</Filter>
    </ClInclude>
    <ClInclude Include="Source\Minigames\Hexium\CardData.h">
      <Filter>Source\Minigames\Hexium</Filter>
    </ClInclude>
    <ClInclude Include="Source\Save\SaveManager.h">
      <Filter>Source\Save</Filter>
    </ClInclude>
    <ClInclude Include="Source\Minigames\Hexium\CardRow.h">
      <Filter>Source\Minigames\Hexium</Filter>
    </ClInclude>
    <ClInclude Include="Source\Minigames\Hexium\GameState.h">
      <Filter>Source\Minigames\Hexium</Filter>
    </ClInclude>
    <ClInclude Include="Source\Minigames\Hexium\Config.h">
      <Filter>Source\Minigames\Hexium</Filter>
    </ClInclude>
    <ClInclude Include="Source\Minigames\Hexium\Components\CoinFlip.h">
      <Filter>Source\Minigames\Hexium\Components</Filter>
    </ClInclude>
    <ClInclude Include="Source\Minigames\Hexium\Components\CardPreview.h">
      <Filter>Source\Minigames\Hexium\Components</Filter>
    </ClInclude>
    <ClInclude Include="Source\Minigames\Hexium\Components\LossesDisplay.h">
      <Filter>Source\Minigames\Hexium\Components</Filter>
    </ClInclude>
    <ClInclude Include="Source\Minigames\Hexium\Components\ScoreTotal.h">
      <Filter>Source\Minigames\Hexium\Components</Filter>
    </ClInclude>
    <ClInclude Include="Source\Minigames\Hexium\Components\ComponentBase.h">
      <Filter>Source\Minigames\Hexium\Components</Filter>
    </ClInclude>
    <ClInclude Include="Source\Minigames\Hexium\Components\RowTotals.h">
      <Filter>Source\Minigames\Hexium\Components</Filter>
    </ClInclude>
    <ClInclude Include="Source\Minigames\Hexium\Components\HandCardCountDisplay.h">
      <Filter>Source\Minigames\Hexium\Components</Filter>
    </ClInclude>
    <ClInclude Include="Source\Minigames\Hexium\Components\DeckCardCountDisplay.h">
      <Filter>Source\Minigames\Hexium\Components</Filter>
    </ClInclude>
    <ClInclude Include="Source\Minigames\Hexium\Components\Banners.h">
      <Filter>Source\Minigames\Hexium\Components</Filter>
    </ClInclude>
    <ClInclude Include="Source\Minigames\Hexium\Components\Avatars.h">
      <Filter>Source\Minigames\Hexium\Components</Filter>
    </ClInclude>
    <ClInclude Include="Source\Minigames\Hexium\Components\Components.h">
      <Filter>Source\Minigames\Hexium\Components</Filter>
    </ClInclude>
    <ClInclude Include="Source\Minigames\Hexium\Components\ControlDraw.h">
      <Filter>Source\Minigames\Hexium\Components</Filter>
    </ClInclude>
    <ClInclude Include="Source\Minigames\Hexium\Components\ControlNeutral.h">
      <Filter>Source\Minigames\Hexium\Components</Filter>
    </ClInclude>
    <ClInclude Include="Source\Minigames\Hexium\Components\ControlSacrificeStaged.h">
      <Filter>Source\Minigames\Hexium\Components</Filter>
    </ClInclude>
    <ClInclude Include="Source\Minigames\Hexium\Components\ControlSelectionStaged.h">
      <Filter>Source\Minigames\Hexium\Components</Filter>
    </ClInclude>
    <ClInclude Include="Source\Minigames\Hexium\Components\ControlEndTurn.h">
      <Filter>Source\Minigames\Hexium\Components</Filter>
    </ClInclude>
    <ClInclude Include="Source\Fight\Fight.h">
      <Filter>Source\Fight</Filter>
    </ClInclude>
    <ClInclude Include="Source\Minigames\Hexium\Components\ControlReplaceCards.h">
      <Filter>Source\Minigames\Hexium\Components</Filter>
    </ClInclude>
    <ClInclude Include="Source\Level\Parser\CollisionParser.h">
      <Filter>Source\Level\Parser</Filter>
    </ClInclude>
    <ClInclude Include="Source\Level\Parser\DecorParser.h">
      <Filter>Source\Level\Parser</Filter>
    </ClInclude>
    <ClInclude Include="Source\Level\Parser\ObjectParser.h">
      <Filter>Source\Level\Parser</Filter>
    </ClInclude>
    <ClInclude Include="Source\Level\Parser\ParallaxParser.h">
      <Filter>Source\Level\Parser</Filter>
    </ClInclude>
    <ClInclude Include="Source\Level\Parser\TileParser.h">
      <Filter>Source\Level\Parser</Filter>
    </ClInclude>
    <ClInclude Include="Source\Level\Parser\EnvironmentParser.h">
      <Filter>Source\Level\Parser</Filter>
    </ClInclude>
    <ClInclude Include="Source\Level\Parser\EntityParser.h">
      <Filter>Source\Level\Parser</Filter>
    </ClInclude>
    <ClInclude Include="Source\Level\LevelMap.h">
      <Filter>Source\Level</Filter>
    </ClInclude>
    <ClInclude Include="Source\GUI\Menus\LoadingScreen\LoadingScreen.h">
      <Filter>Source\GUI\Menus\LoadingScreen</Filter>
    </ClInclude>
    <ClInclude Include="Source\GUI\Components\CProgressBar.h">
      <Filter>Source\GUI\Components</Filter>
    </ClInclude>
    <ClInclude Include="Source\Entities\Enemies\Castle\BossWitch.h">
      <Filter>Source\Entities\Enemies\Castle</Filter>
    </ClInclude>
    <ClInclude Include="Source\Entities\Enemies\Castle\Ghost.h">
      <Filter>Source\Entities\Enemies\Castle</Filter>
    </ClInclude>
    <ClInclude Include="Source\Entities\Enemies\Castle\Harpy.h">
      <Filter>Source\Entities\Enemies\Castle</Filter>
    </ClInclude>
    <ClInclude Include="Source\Entities\Enemies\Castle\Jack.h">
      <Filter>Source\Entities\Enemies\Castle</Filter>
    </ClInclude>
    <ClInclude Include="Source\Entities\Enemies\Castle\VampireLord.h">
      <Filter>Source\Entities\Enemies\Castle</Filter>
    </ClInclude>
    <ClInclude Include="Source\Entities\Enemies\Caverns\BlackWidow.h">
      <Filter>Source\Entities\Enemies\Caverns</Filter>
    </ClInclude>
    <ClInclude Include="Source\Entities\Enemies\Caverns\BossKrampus.h">
      <Filter>Source\Entities\Enemies\Caverns</Filter>
    </ClInclude>
    <ClInclude Include="Source\Entities\Enemies\Caverns\EarthGolem.h">
      <Filter>Source\Entities\Enemies\Caverns</Filter>
    </ClInclude>
    <ClInclude Include="Source\Entities\Enemies\Caverns\ForestGolem.h">
      <Filter>Source\Entities\Enemies\Caverns</Filter>
    </ClInclude>
    <ClInclude Include="Source\Entities\Enemies\Caverns\RockGolem.h">
      <Filter>Source\Entities\Enemies\Caverns</Filter>
    </ClInclude>
    <ClInclude Include="Source\Entities\Enemies\Forest\Troll.h">
      <Filter>Source\Entities\Enemies\Forest</Filter>
    </ClInclude>
    <ClInclude Include="Source\Entities\Enemies\Forest\Cyclops.h">
      <Filter>Source\Entities\Enemies\Forest</Filter>
    </ClInclude>
    <ClInclude Include="Source\Entities\Enemies\Forest\GoblinShaman.h">
      <Filter>Source\Entities\Enemies\Forest</Filter>
    </ClInclude>
    <ClInclude Include="Source\Entities\Enemies\Forest\OrcGrunt.h">
      <Filter>Source\Entities\Enemies\Forest</Filter>
    </ClInclude>
    <ClInclude Include="Source\Entities\Enemies\Forest\OrcWarrior.h">
      <Filter>Source\Entities\Enemies\Forest</Filter>
    </ClInclude>
    <ClInclude Include="Source\Entities\Enemies\Jungle\BossRhinoman.h">
      <Filter>Source\Entities\Enemies\Jungle</Filter>
    </ClInclude>
    <ClInclude Include="Source\Entities\Enemies\Jungle\JungleDragon.h">
      <Filter>Source\Entities\Enemies\Jungle</Filter>
    </ClInclude>
    <ClInclude Include="Source\Entities\Enemies\Jungle\Minotaur.h">
      <Filter>Source\Entities\Enemies\Jungle</Filter>
    </ClInclude>
    <ClInclude Include="Source\Entities\Enemies\Jungle\PigDemon.h">
      <Filter>Source\Entities\Enemies\Jungle</Filter>
    </ClInclude>
    <ClInclude Include="Source\Entities\Enemies\Obelisk\VoidDemon.h">
      <Filter>Source\Entities\Enemies\Obelisk</Filter>
    </ClInclude>
    <ClInclude Include="Source\Entities\Enemies\Obelisk\Abomination.h">
      <Filter>Source\Entities\Enemies\Obelisk</Filter>
    </ClInclude>
    <ClInclude Include="Source\Entities\Enemies\Obelisk\BossSkeletonKing.h">
      <Filter>Source\Entities\Enemies\Obelisk</Filter>
    </ClInclude>
    <ClInclude Include="Source\Entities\Enemies\Obelisk\DarkDragon.h">
      <Filter>Source\Entities\Enemies\Obelisk</Filter>
    </ClInclude>
    <ClInclude Include="Source\Entities\Enemies\Obelisk\SkeletonBaron.h">
      <Filter>Source\Entities\Enemies\Obelisk</Filter>
    </ClInclude>
    <ClInclude Include="Source\Entities\Enemies\Obelisk\SkeletonCleaver.h">
      <Filter>Source\Entities\Enemies\Obelisk</Filter>
    </ClInclude>
    <ClInclude Include="Source\Entities\Enemies\Obelisk\SkeletonPriestess.h">
      <Filter>Source\Entities\Enemies\Obelisk</Filter>
    </ClInclude>
    <ClInclude Include="Source\Entities\Enemies\Obelisk\Undead.h">
      <Filter>Source\Entities\Enemies\Obelisk</Filter>
    </ClInclude>
    <ClInclude Include="Source\Entities\Enemies\Ruins\AnubisWarrior.h">
      <Filter>Source\Entities\Enemies\Ruins</Filter>
    </ClInclude>
    <ClInclude Include="Source\Entities\Enemies\Ruins\Lioness.h">
      <Filter>Source\Entities\Enemies\Ruins</Filter>
    </ClInclude>
    <ClInclude Include="Source\Entities\Enemies\Ruins\Medusa.h">
      <Filter>Source\Entities\Enemies\Ruins</Filter>
    </ClInclude>
    <ClInclude Include="Source\Entities\Enemies\Ruins\Mermaid.h">
      <Filter>Source\Entities\Enemies\Ruins</Filter>
    </ClInclude>
    <ClInclude Include="Source\Entities\Enemies\Snow\EvilSnowman.h">
      <Filter>Source\Entities\Enemies\Snow</Filter>
    </ClInclude>
    <ClInclude Include="Source\Entities\Enemies\Snow\FrostDragon.h">
      <Filter>Source\Entities\Enemies\Snow</Filter>
    </ClInclude>
    <ClInclude Include="Source\Entities\Enemies\Snow\GoblinElf.h">
      <Filter>Source\Entities\Enemies\Snow</Filter>
    </ClInclude>
    <ClInclude Include="Source\Entities\Enemies\Snow\IceGolem.h">
      <Filter>Source\Entities\Enemies\Snow</Filter>
    </ClInclude>
    <ClInclude Include="Source\Entities\Enemies\Snow\TinyIceGolem.h">
      <Filter>Source\Entities\Enemies\Snow</Filter>
    </ClInclude>
    <ClInclude Include="Source\Entities\Enemies\Volcano\CritterDemon.h">
      <Filter>Source\Entities\Enemies\Volcano</Filter>
    </ClInclude>
    <ClInclude Include="Source\Entities\Enemies\Volcano\DemonRogue.h">
      <Filter>Source\Entities\Enemies\Volcano</Filter>
    </ClInclude>
    <ClInclude Include="Source\Entities\Enemies\Volcano\DemonShaman.h">
      <Filter>Source\Entities\Enemies\Volcano</Filter>
    </ClInclude>
    <ClInclude Include="Source\Entities\Enemies\Volcano\DemonWarrior.h">
      <Filter>Source\Entities\Enemies\Volcano</Filter>
    </ClInclude>
    <ClInclude Include="Source\Entities\Enemies\Volcano\LavaGolem.h">
      <Filter>Source\Entities\Enemies\Volcano</Filter>
    </ClInclude>
    <ClInclude Include="Source\Events\DialogEvents.h">
      <Filter>Source\Events</Filter>
    </ClInclude>
    <ClInclude Include="Source\Events\MouseEvents.h">
      <Filter>Source\Events</Filter>
    </ClInclude>
    <ClInclude Include="Source\Events\NavigationEvents.h">
      <Filter>Source\Events</Filter>
    </ClInclude>
    <ClInclude Include="Source\Entities\Enemy.h">
      <Filter>Source\Entities</Filter>
    </ClInclude>
    <ClInclude Include="Source\Entities\Enemies\Ruins\MummyPharaoh.h">
      <Filter>Source\Entities\Enemies\Ruins</Filter>
    </ClInclude>
    <ClInclude Include="Source\Objects\Interactables\Plushies\Plushie.h">
      <Filter>Source\Objects\Interactables\Plushies</Filter>
    </ClInclude>
    <ClInclude Include="Source\Objects\Interactables\Plushies\PlushieMonkey.h">
      <Filter>Source\Objects\Interactables\Plushies</Filter>
    </ClInclude>
    <ClInclude Include="Source\Objects\Interactables\Plushies\Plushies.h">
      <Filter>Source\Objects\Interactables\Plushies</Filter>
    </ClInclude>
    <ClInclude Include="Source\Objects\Interactables\Chest.h">
      <Filter>Source\Objects\Interactables</Filter>
    </ClInclude>
    <ClInclude Include="Source\Events\HackableEvents.h">
      <Filter>Source\Events</Filter>
    </ClInclude>
    <ClInclude Include="Source\Events\HexusEvents.h">
      <Filter>Source\Events</Filter>
    </ClInclude>
    <ClInclude Include="Source\Objects\Interactables\Wind.h">
      <Filter>Source\Objects\Interactables</Filter>
    </ClInclude>
    <ClInclude Include="Source\Level\Backgrounds\SnowBackground.h">
      <Filter>Source\Level\Backgrounds</Filter>
    </ClInclude>
    <ClInclude Include="Source\Level\Environments\SnowEnvironment.h">
      <Filter>Source\Level\Environments</Filter>
    </ClInclude>
    <ClInclude Include="Source\Level\Environments\Environments.h">
      <Filter>Source\Level\Environments</Filter>
    </ClInclude>
    <ClInclude Include="Source\Level\Backgrounds\Backgrounds.h">
      <Filter>Source\Level\Backgrounds</Filter>
    </ClInclude>
    <ClInclude Include="Source\Level\Backgrounds\OceanBackground.h">
      <Filter>Source\Level\Backgrounds</Filter>
    </ClInclude>
    <ClInclude Include="Source\Entities\Enemies\Forest\BossDragonOrcKing.h">
      <Filter>Source\Entities\Enemies\Forest</Filter>
    </ClInclude>
    <ClInclude Include="Source\Entities\Enemies\Forest\GoblinGruntBoar.h">
      <Filter>Source\Entities\Enemies\Forest</Filter>
    </ClInclude>
    <ClInclude Include="Source\Entities\Enemies\Forest\GoblinGuard.h">
      <Filter>Source\Entities\Enemies\Forest</Filter>
    </ClInclude>
    <ClInclude Include="Source\Entities\Enemies\Forest\GoblinWarriorPig.h">
      <Filter>Source\Entities\Enemies\Forest</Filter>
    </ClInclude>
    <ClInclude Include="Source\Entities\Enemies\Forest\Ent.h">
      <Filter>Source\Entities\Enemies\Forest</Filter>
    </ClInclude>
    <ClInclude Include="Source\Entities\Enemies\Forest\EntMage.h">
      <Filter>Source\Entities\Enemies\Forest</Filter>
    </ClInclude>
    <ClInclude Include="Source\Entities\Enemies\Jungle\GoblinGrunt.h">
      <Filter>Source\Entities\Enemies\Jungle</Filter>
    </ClInclude>
    <ClInclude Include="Source\Entities\Enemies\Jungle\GoblinSwordsman.h">
      <Filter>Source\Entities\Enemies\Jungle</Filter>
    </ClInclude>
    <ClInclude Include="Source\Entities\Enemies\Jungle\Mantis.h">
      <Filter>Source\Entities\Enemies\Jungle</Filter>
    </ClInclude>
    <ClInclude Include="Source\Entities\Enemies\Jungle\TikiGolem.h">
      <Filter>Source\Entities\Enemies\Jungle</Filter>
    </ClInclude>
    <ClInclude Include="Source\Entities\Enemies\Jungle\PurpleDinosaur.h">
      <Filter>Source\Entities\Enemies\Jungle</Filter>
    </ClInclude>
    <ClInclude Include="Source\Entities\Enemies\Jungle\TikiWarrior.h">
      <Filter>Source\Entities\Enemies\Jungle</Filter>
    </ClInclude>
    <ClInclude Include="Source\Entities\Enemies\Obelisk\DemonArcher.h">
      <Filter>Source\Entities\Enemies\Obelisk</Filter>
    </ClInclude>
    <ClInclude Include="Source\Entities\Enemies\Obelisk\BatDemon.h">
      <Filter>Source\Entities\Enemies\Obelisk</Filter>
    </ClInclude>
    <ClInclude Include="Source\Entities\Enemies\Ruins\BossEgyptianGoddess.h">
      <Filter>Source\Entities\Enemies\Ruins</Filter>
    </ClInclude>
    <ClInclude Include="Source\Entities\Enemies\Ruins\AnubisTiny.h">
      <Filter>Source\Entities\Enemies\Ruins</Filter>
    </ClInclude>
    <ClInclude Include="Source\Entities\Enemies\Ruins\LionMan.h">
      <Filter>Source\Entities\Enemies\Ruins</Filter>
    </ClInclude>
    <ClInclude Include="Source\Entities\Enemies\Ruins\MedusaSmall.h">
      <Filter>Source\Entities\Enemies\Ruins</Filter>
    </ClInclude>
    <ClInclude Include="Source\Entities\Enemies\Ruins\Tigress.h">
      <Filter>Source\Entities\Enemies\Ruins</Filter>
    </ClInclude>
    <ClInclude Include="Source\Entities\Enemies\Snow\BossIceGolem.h">
      <Filter>Source\Entities\Enemies\Snow</Filter>
    </ClInclude>
    <ClInclude Include="Source\Entities\Enemies\Snow\FrostShooter.h">
      <Filter>Source\Entities\Enemies\Snow</Filter>
    </ClInclude>
    <ClInclude Include="Source\Entities\Enemies\Snow\Yeti.h">
      <Filter>Source\Entities\Enemies\Snow</Filter>
    </ClInclude>
    <ClInclude Include="Source\Entities\Enemies\Snow\YetiWarrior.h">
      <Filter>Source\Entities\Enemies\Snow</Filter>
    </ClInclude>
    <ClInclude Include="Source\Entities\Enemies\Snow\ToySoldierGoblin.h">
      <Filter>Source\Entities\Enemies\Snow</Filter>
    </ClInclude>
    <ClInclude Include="Source\Entities\Enemies\Snow\WaterElemental.h">
      <Filter>Source\Entities\Enemies\Snow</Filter>
    </ClInclude>
    <ClInclude Include="Source\Entities\Enemies\Volcano\DemonDragon.h">
      <Filter>Source\Entities\Enemies\Volcano</Filter>
    </ClInclude>
    <ClInclude Include="Source\Entities\Enemies\Volcano\DemonGhost.h">
      <Filter>Source\Entities\Enemies\Volcano</Filter>
    </ClInclude>
    <ClInclude Include="Source\Entities\Enemies\Volcano\FireElemental.h">
      <Filter>Source\Entities\Enemies\Volcano</Filter>
    </ClInclude>
    <ClInclude Include="Source\Entities\Enemies\Volcano\DemonGrunt.h">
      <Filter>Source\Entities\Enemies\Volcano</Filter>
    </ClInclude>
    <ClInclude Include="Source\Entities\Enemies\Volcano\BossDemonKing.h">
      <Filter>Source\Entities\Enemies\Volcano</Filter>
    </ClInclude>
    <ClInclude Include="Source\Entities\Enemies\Volcano\DemonSwordsman.h">
      <Filter>Source\Entities\Enemies\Volcano</Filter>
    </ClInclude>
    <ClInclude Include="Source\Entities\Enemies\Mech\BigHandsBot.h">
      <Filter>Source\Entities\Enemies\Mech</Filter>
    </ClInclude>
    <ClInclude Include="Source\Entities\Enemies\Mech\BossEvilEye.h">
      <Filter>Source\Entities\Enemies\Mech</Filter>
    </ClInclude>
    <ClInclude Include="Source\Entities\Enemies\Mech\Exterminator.h">
      <Filter>Source\Entities\Enemies\Mech</Filter>
    </ClInclude>
    <ClInclude Include="Source\Entities\Enemies\Mech\MechDog.h">
      <Filter>Source\Entities\Enemies\Mech</Filter>
    </ClInclude>
    <ClInclude Include="Source\Entities\Enemies\Mech\MechGolem.h">
      <Filter>Source\Entities\Enemies\Mech</Filter>
    </ClInclude>
    <ClInclude Include="Source\Entities\Enemies\Mech\MechGolemDark.h">
      <Filter>Source\Entities\Enemies\Mech</Filter>
    </ClInclude>
    <ClInclude Include="Source\Entities\Enemies\Mech\MechGuard.h">
      <Filter>Source\Entities\Enemies\Mech</Filter>
    </ClInclude>
    <ClInclude Include="Source\Entities\Enemies\Mech\MiteBot.h">
      <Filter>Source\Entities\Enemies\Mech</Filter>
    </ClInclude>
    <ClInclude Include="Source\Entities\Enemies\Mech\VikingBot.h">
      <Filter>Source\Entities\Enemies\Mech</Filter>
    </ClInclude>
    <ClInclude Include="Source\Entities\Enemies\Mech\VikingBotSmall.h">
      <Filter>Source\Entities\Enemies\Mech</Filter>
    </ClInclude>
    <ClInclude Include="Source\Entities\Enemies\Snow\BossSanta.h">
      <Filter>Source\Entities\Enemies\Snow</Filter>
    </ClInclude>
    <ClInclude Include="Source\Entities\Enemies\Caverns\EarthElemental.h">
      <Filter>Source\Entities\Enemies\Caverns</Filter>
    </ClInclude>
    <ClInclude Include="Source\Entities\Enemies\Caverns\Genie.h">
      <Filter>Source\Entities\Enemies\Caverns</Filter>
    </ClInclude>
    <ClInclude Include="Source\Entities\Enemies\Caverns\SkeletonWarrior.h">
      <Filter>Source\Entities\Enemies\Caverns</Filter>
    </ClInclude>
    <ClInclude Include="Source\Entities\Enemies\Caverns\SkeletonNecromancer.h">
      <Filter>Source\Entities\Enemies\Caverns</Filter>
    </ClInclude>
    <ClInclude Include="Source\Entities\Enemies\Caverns\Shaman.h">
      <Filter>Source\Entities\Enemies\Caverns</Filter>
    </ClInclude>
    <ClInclude Include="Source\Entities\Enemies\Caverns\SkeletonArcher.h">
      <Filter>Source\Entities\Enemies\Caverns</Filter>
    </ClInclude>
    <ClInclude Include="Source\Entities\Enemies\Castle\Guard.h">
      <Filter>Source\Entities\Enemies\Castle</Filter>
    </ClInclude>
    <ClInclude Include="Source\Entities\Enemies\Castle\Reaper.h">
      <Filter>Source\Entities\Enemies\Castle</Filter>
    </ClInclude>
    <ClInclude Include="Source\Entities\Enemies\Castle\Vampiress.h">
      <Filter>Source\Entities\Enemies\Castle</Filter>
    </ClInclude>
    <ClInclude Include="Source\Entities\Enemies\Castle\Zombie.h">
      <Filter>Source\Entities\Enemies\Castle</Filter>
    </ClInclude>
    <ClInclude Include="Source\Entities\Enemies\Castle\SkeletonMage.h">
      <Filter>Source\Entities\Enemies\Castle</Filter>
    </ClInclude>
    <ClInclude Include="Source\Entities\Enemies\Jungle\GoblinWarrior.h">
      <Filter>Source\Entities\Enemies\Jungle</Filter>
    </ClInclude>
    <ClInclude Include="Source\Entities\Enemies\Obelisk\SkeletonKnight.h">
      <Filter>Source\Entities\Enemies\Obelisk</Filter>
    </ClInclude>
    <ClInclude Include="Source\Entities\Enemies\Ruins\TigerMan.h">
      <Filter>Source\Entities\Enemies\Ruins</Filter>
    </ClInclude>
  </ItemGroup>
  <ItemGroup>
    <ResourceCompile Include="Resources.rc" />
  </ItemGroup>
</Project>