<?xml version="1.0" encoding="utf-8"?>
<Project ToolsVersion="4.0" xmlns="http://schemas.microsoft.com/developer/msbuild/2003">
  <ItemGroup>
    <Filter Include="Source">
      <UniqueIdentifier>{bb6c862e-70e9-49d9-81b7-3829a6f50471}</UniqueIdentifier>
    </Filter>
    <Filter Include="Source\Entities">
      <UniqueIdentifier>{7d159956-76a6-4ebb-b3e4-b390e23cd5d6}</UniqueIdentifier>
    </Filter>
    <Filter Include="Source\Objects">
      <UniqueIdentifier>{da7b3b10-baf5-4afd-b875-03adfebdd965}</UniqueIdentifier>
    </Filter>
    <Filter Include="Source\GUI">
      <UniqueIdentifier>{ed5bc229-752b-4036-b1e3-cfc6c071440e}</UniqueIdentifier>
    </Filter>
    <Filter Include="Source\GUI\Menus">
      <UniqueIdentifier>{ab031439-9498-4f06-b44f-e5be61ab5205}</UniqueIdentifier>
    </Filter>
    <Filter Include="Source\GUI\Screens">
      <UniqueIdentifier>{04daaf56-62e9-4d3e-97b5-cdc8406ed7b5}</UniqueIdentifier>
    </Filter>
    <Filter Include="Source\Level">
      <UniqueIdentifier>{4df6f466-fb7d-4ee4-b7d3-a451d4a61f2f}</UniqueIdentifier>
    </Filter>
    <Filter Include="Source\Collision">
      <UniqueIdentifier>{906f6fe6-3ec0-4675-95e4-7713b38b0f19}</UniqueIdentifier>
    </Filter>
    <Filter Include="Source\Config">
      <UniqueIdentifier>{ad777ac4-678a-40fd-823b-e0b3188ba415}</UniqueIdentifier>
    </Filter>
    <Filter Include="Source\Utils">
      <UniqueIdentifier>{8f7b5b30-247a-452b-96b8-2d42834c1248}</UniqueIdentifier>
    </Filter>
  </ItemGroup>
  <ItemGroup>
    <ClCompile Include="Source\Game.cpp">
      <Filter>Source</Filter>
    </ClCompile>
    <ClCompile Include="Source\Level\Level.cpp">
      <Filter>Source\Level</Filter>
    </ClCompile>
    <ClCompile Include="Source\Entities\Player.cpp">
      <Filter>Source\Entities</Filter>
    </ClCompile>
    <ClCompile Include="Source\Entities\Enemy.cpp">
      <Filter>Source\Entities</Filter>
    </ClCompile>
    <ClCompile Include="Source\Entities\Entity.cpp">
      <Filter>Source\Entities</Filter>
    </ClCompile>
    <ClCompile Include="Source\Objects\GameObject.cpp">
      <Filter>Source\Objects</Filter>
    </ClCompile>
    <ClCompile Include="Source\GUI\Menus\PauseMenu.cpp">
      <Filter>Source\GUI\Menus</Filter>
    </ClCompile>
    <ClCompile Include="Source\GUI\Screens\TitleScreen.cpp">
      <Filter>Source\GUI\Screens</Filter>
    </ClCompile>
    <ClCompile Include="Source\Main.cpp">
      <Filter>Source</Filter>
    </ClCompile>
    <ClCompile Include="Source\Resources.cpp">
      <Filter>Source</Filter>
    </ClCompile>
    <ClCompile Include="Source\Window.cpp">
      <Filter>Source</Filter>
    </ClCompile>
    <ClCompile Include="Source\Collision\TileCollision.cpp">
      <Filter>Source\Collision</Filter>
    </ClCompile>
    <ClCompile Include="Source\GUI\Mouse.cpp">
      <Filter>Source\GUI</Filter>
    </ClCompile>
    <ClCompile Include="Source\GUI\Screens\StoryMap.cpp">
      <Filter>Source\GUI\Screens</Filter>
    </ClCompile>
    <ClCompile Include="Source\GUI\Screens\TutorialMap.cpp">
      <Filter>Source\GUI\Screens</Filter>
    </ClCompile>
    <ClCompile Include="Source\GUI\MenuLabel.cpp">
      <Filter>Source\GUI</Filter>
    </ClCompile>
    <ClCompile Include="Source\GUI\Menus\OptionsMenu.cpp">
      <Filter>Source\GUI\Menus</Filter>
    </ClCompile>
    <ClCompile Include="Source\Config\ConfigManager.cpp">
      <Filter>Source\Config</Filter>
    </ClCompile>
    <ClCompile Include="Source\GUI\Screens\MapNode.cpp">
      <Filter>Source\GUI\Screens</Filter>
    </ClCompile>
    <ClCompile Include="Source\Utils\Utils.cpp">
      <Filter>Source\Utils</Filter>
    </ClCompile>
    <ClCompile Include="Source\GUI\MenuSprite.cpp">
      <Filter>Source\GUI</Filter>
    </ClCompile>
    <ClCompile Include="Source\Utils\InfiniteParallaxNode.cpp">
      <Filter>Source\Utils</Filter>
    </ClCompile>
  </ItemGroup>
  <ItemGroup>
    <ClInclude Include="Source\Game.h">
      <Filter>Source</Filter>
    </ClInclude>
    <ClInclude Include="Source\Level\Level.h">
      <Filter>Source\Level</Filter>
    </ClInclude>
    <ClInclude Include="Source\Entities\Player.h">
      <Filter>Source\Entities</Filter>
    </ClInclude>
    <ClInclude Include="Source\Entities\Entity.h">
      <Filter>Source\Entities</Filter>
    </ClInclude>
    <ClInclude Include="Source\Entities\Enemy.h">
      <Filter>Source\Entities</Filter>
    </ClInclude>
    <ClInclude Include="Source\Objects\GameObject.h">
      <Filter>Source\Objects</Filter>
    </ClInclude>
    <ClInclude Include="Source\GUI\Menus\PauseMenu.h">
      <Filter>Source\GUI\Menus</Filter>
    </ClInclude>
    <ClInclude Include="Source\GUI\Screens\TitleScreen.h">
      <Filter>Source\GUI\Screens</Filter>
    </ClInclude>
    <ClInclude Include="Source\Main.h">
      <Filter>Source</Filter>
    </ClInclude>
    <ClInclude Include="Source\Resources.h">
      <Filter>Source</Filter>
    </ClInclude>
    <ClInclude Include="Source\Window.h">
      <Filter>Source</Filter>
    </ClInclude>
    <ClInclude Include="Source\Collision\TileCollision.h">
      <Filter>Source\Collision</Filter>
    </ClInclude>
    <ClInclude Include="Source\GUI\Mouse.h">
      <Filter>Source\GUI</Filter>
    </ClInclude>
    <ClInclude Include="Source\GUI\Screens\TutorialMap.h">
      <Filter>Source\GUI\Screens</Filter>
    </ClInclude>
    <ClInclude Include="Source\GUI\Screens\StoryMap.h">
      <Filter>Source\GUI\Screens</Filter>
    </ClInclude>
    <ClInclude Include="Source\GUI\MenuLabel.h">
      <Filter>Source\GUI</Filter>
    </ClInclude>
    <ClInclude Include="Source\GUI\Menus\OptionsMenu.h">
      <Filter>Source\GUI\Menus</Filter>
    </ClInclude>
    <ClInclude Include="Source\Config\ConfigManager.h">
      <Filter>Source\Config</Filter>
    </ClInclude>
    <ClInclude Include="Source\GUI\Screens\MapNode.h">
      <Filter>Source\GUI\Screens</Filter>
    </ClInclude>
    <ClInclude Include="Source\Utils\Utils.h">
      <Filter>Source\Utils</Filter>
    </ClInclude>
    <ClInclude Include="Source\GUI\MenuSprite.h">
      <Filter>Source\GUI</Filter>
    </ClInclude>
    <ClInclude Include="Source\Utils\InfiniteParallaxNode.h">
      <Filter>Source\Utils</Filter>
    </ClInclude>
    <ClInclude Include="Source\Utils\PointObject.h">
      <Filter>Source\Utils</Filter>
    </ClInclude>
  </ItemGroup>
</Project>