<?xml version="1.0" encoding="utf-8"?>
<Project ToolsVersion="4.0" xmlns="http://schemas.microsoft.com/developer/msbuild/2003">
  <ItemGroup>
    <Filter Include="Source">
      <UniqueIdentifier>{4FC737F1-C7A5-4376-A066-2A32D752A2FF}</UniqueIdentifier>
      <Extensions>cpp;c;cc;cxx;def;odl;idl;hpj;bat;asm;asmx</Extensions>
    </Filter>
  </ItemGroup>
  <ItemGroup>
    <ClCompile Include="libudis86\decode.c">
      <Filter>Source</Filter>
    </ClCompile>
    <ClCompile Include="libudis86\itab.c">
      <Filter>Source</Filter>
    </ClCompile>
    <ClCompile Include="libudis86\syn-att.c">
      <Filter>Source</Filter>
    </ClCompile>
    <ClCompile Include="libudis86\syn-intel.c">
      <Filter>Source</Filter>
    </ClCompile>
    <ClCompile Include="libudis86\syn.c">
      <Filter>Source</Filter>
    </ClCompile>
    <ClCompile Include="libudis86\udis86.c">
      <Filter>Source</Filter>
    </ClCompile>
  </ItemGroup>
  <ItemGroup>
    <ClInclude Include="libudis86\decode.h">
      <Filter>Source</Filter>
    </ClInclude>
    <ClInclude Include="libudis86\extern.h">
      <Filter>Source</Filter>
    </ClInclude>
    <ClInclude Include="libudis86\itab.h">
      <Filter>Source</Filter>
    </ClInclude>
    <ClInclude Include="libudis86\syn.h">
      <Filter>Source</Filter>
    </ClInclude>
    <ClInclude Include="libudis86\types.h">
      <Filter>Source</Filter>
    </ClInclude>
    <ClInclude Include="libudis86\udint.h">
      <Filter>Source</Filter>
    </ClInclude>
  </ItemGroup>
</Project>