<?xml version="1.0" encoding="utf-8"?>
<Project ToolsVersion="4.0" xmlns="http://schemas.microsoft.com/developer/msbuild/2003">
  <ItemGroup>
    <Filter Include="Source">
      <UniqueIdentifier>{4FC737F1-C7A5-4376-A066-2A32D752A2FF}</UniqueIdentifier>
      <Extensions>cpp;c;cc;cxx;def;odl;idl;hpj;bat;asm;asmx</Extensions>
    </Filter>
    <Filter Include="Source\Error">
      <UniqueIdentifier>{ce13af04-6d28-40ea-a093-0e4935fbc486}</UniqueIdentifier>
    </Filter>
    <Filter Include="Source\Internal">
      <UniqueIdentifier>{a9934c30-0ec5-4cd9-975b-0db3d43144aa}</UniqueIdentifier>
    </Filter>
    <Filter Include="Source\Msinttypes">
      <UniqueIdentifier>{38dedf0d-d366-471f-a9cf-4693b5f9337d}</UniqueIdentifier>
    </Filter>
  </ItemGroup>
  <ItemGroup>
    <ClInclude Include="allocators.h">
      <Filter>Source</Filter>
    </ClInclude>
    <ClInclude Include="cursorstreamwrapper.h">
      <Filter>Source</Filter>
    </ClInclude>
    <ClInclude Include="document.h">
      <Filter>Source</Filter>
    </ClInclude>
    <ClInclude Include="encodedstream.h">
      <Filter>Source</Filter>
    </ClInclude>
    <ClInclude Include="encodings.h">
      <Filter>Source</Filter>
    </ClInclude>
    <ClInclude Include="filereadstream.h">
      <Filter>Source</Filter>
    </ClInclude>
    <ClInclude Include="filewritestream.h">
      <Filter>Source</Filter>
    </ClInclude>
    <ClInclude Include="fwd.h">
      <Filter>Source</Filter>
    </ClInclude>
    <ClInclude Include="istreamwrapper.h">
      <Filter>Source</Filter>
    </ClInclude>
    <ClInclude Include="memorybuffer.h">
      <Filter>Source</Filter>
    </ClInclude>
    <ClInclude Include="memorystream.h">
      <Filter>Source</Filter>
    </ClInclude>
    <ClInclude Include="ostreamwrapper.h">
      <Filter>Source</Filter>
    </ClInclude>
    <ClInclude Include="pointer.h">
      <Filter>Source</Filter>
    </ClInclude>
    <ClInclude Include="prettywriter.h">
      <Filter>Source</Filter>
    </ClInclude>
    <ClInclude Include="rapidjson.h">
      <Filter>Source</Filter>
    </ClInclude>
    <ClInclude Include="reader.h">
      <Filter>Source</Filter>
    </ClInclude>
    <ClInclude Include="schema.h">
      <Filter>Source</Filter>
    </ClInclude>
    <ClInclude Include="stream.h">
      <Filter>Source</Filter>
    </ClInclude>
    <ClInclude Include="stringbuffer.h">
      <Filter>Source</Filter>
    </ClInclude>
    <ClInclude Include="writer.h">
      <Filter>Source</Filter>
    </ClInclude>
    <ClInclude Include="Error\en.h">
      <Filter>Source\Error</Filter>
    </ClInclude>
    <ClInclude Include="Error\error.h">
      <Filter>Source\Error</Filter>
    </ClInclude>
    <ClInclude Include="Internal\biginteger.h">
      <Filter>Source\Internal</Filter>
    </ClInclude>
    <ClInclude Include="Internal\diyfp.h">
      <Filter>Source\Internal</Filter>
    </ClInclude>
    <ClInclude Include="Internal\dtoa.h">
      <Filter>Source\Internal</Filter>
    </ClInclude>
    <ClInclude Include="Internal\ieee754.h">
      <Filter>Source\Internal</Filter>
    </ClInclude>
    <ClInclude Include="Internal\itoa.h">
      <Filter>Source\Internal</Filter>
    </ClInclude>
    <ClInclude Include="Internal\meta.h">
      <Filter>Source\Internal</Filter>
    </ClInclude>
    <ClInclude Include="Internal\pow10.h">
      <Filter>Source\Internal</Filter>
    </ClInclude>
    <ClInclude Include="Internal\regex.h">
      <Filter>Source\Internal</Filter>
    </ClInclude>
    <ClInclude Include="Internal\stack.h">
      <Filter>Source\Internal</Filter>
    </ClInclude>
    <ClInclude Include="Internal\strfunc.h">
      <Filter>Source\Internal</Filter>
    </ClInclude>
    <ClInclude Include="Internal\strtod.h">
      <Filter>Source\Internal</Filter>
    </ClInclude>
    <ClInclude Include="Internal\swap.h">
      <Filter>Source\Internal</Filter>
    </ClInclude>
    <ClInclude Include="Msinttypes\inttypes.h">
      <Filter>Source\Msinttypes</Filter>
    </ClInclude>
    <ClInclude Include="Msinttypes\stdint.h">
      <Filter>Source\Msinttypes</Filter>
    </ClInclude>
  </ItemGroup>
</Project>