<?xml version="1.0" encoding="utf-8"?>
<Project ToolsVersion="4.0" xmlns="http://schemas.microsoft.com/developer/msbuild/2003">
  <ItemGroup>
    <Filter Include="Source">
      <UniqueIdentifier>{bb6c862e-70e9-49d9-81b7-3829a6f50471}</UniqueIdentifier>
    </Filter>
    <Filter Include="Source\Entities">
      <UniqueIdentifier>{7d159956-76a6-4ebb-b3e4-b390e23cd5d6}</UniqueIdentifier>
    </Filter>
    <Filter Include="Source\Objects">
      <UniqueIdentifier>{da7b3b10-baf5-4afd-b875-03adfebdd965}</UniqueIdentifier>
    </Filter>
    <Filter Include="Source\Scenes">
      <UniqueIdentifier>{4df6f466-fb7d-4ee4-b7d3-a451d4a61f2g}</UniqueIdentifier>
    </Filter>
    <Filter Include="Source\Scenes\Menus">
      <UniqueIdentifier>{ab031439-9498-4f06-b44f-e5be61ab5205}</UniqueIdentifier>
    </Filter>
    <Filter Include="Source\Scenes\Level">
      <UniqueIdentifier>{4df6f466-fb7d-4ee4-b7d3-a451d4a61f2f}</UniqueIdentifier>
    </Filter>
    <Filter Include="Source\Scenes\Menus\Options">
      <UniqueIdentifier>{0eaeefbb-4b79-448f-b9c2-b11c54de4290}</UniqueIdentifier>
    </Filter>
    <Filter Include="Source\Scenes\Menus\Pause">
      <UniqueIdentifier>{efb42e19-0f6a-4c9e-bb59-cf59233af7f2}</UniqueIdentifier>
    </Filter>
    <Filter Include="Source\Scenes\Menus\Story">
      <UniqueIdentifier>{909eb5b2-aabc-45a3-88fd-7fbad17f7424}</UniqueIdentifier>
    </Filter>
    <Filter Include="Source\Scenes\Menus\Tutorial">
      <UniqueIdentifier>{ce760e68-2034-4716-a741-75ff6bae1ffc}</UniqueIdentifier>
    </Filter>
    <Filter Include="Source\Scenes\Menus\Title">
      <UniqueIdentifier>{b5ed26c3-cc7b-4a79-b202-e4b4d265ad43}</UniqueIdentifier>
    </Filter>
    <Filter Include="Source\Scenes\Menus\Confirmation">
      <UniqueIdentifier>{2ab6fe57-cad0-492b-95aa-fd6f11aecf40}</UniqueIdentifier>
    </Filter>
    <Filter Include="Source\Engine\Input">
      <UniqueIdentifier>{41b4695d-9be7-4d80-930f-d7fe7acdf1c5}</UniqueIdentifier>
    </Filter>
    <Filter Include="Source\Entities\Player">
      <UniqueIdentifier>{90ad5dcd-68bc-4222-9ecb-c482d58a9543}</UniqueIdentifier>
    </Filter>
    <Filter Include="Source\Entities\Enemies">
      <UniqueIdentifier>{2775143e-43a8-40c2-9698-8781690f3110}</UniqueIdentifier>
    </Filter>
    <Filter Include="Source\Scenes\Level\Environments">
      <UniqueIdentifier>{ddea15c5-7454-4e0d-9488-79b4dd7987ff}</UniqueIdentifier>
    </Filter>
    <Filter Include="Source\Scenes\Menus\Dialog">
      <UniqueIdentifier>{8474dc60-2c22-48a3-9d10-0fa486fe9f7f}</UniqueIdentifier>
    </Filter>
    <Filter Include="Source\Engine">
      <UniqueIdentifier>{8367ac51-be2e-46e9-b371-6f6c31939b5c}</UniqueIdentifier>
    </Filter>
    <Filter Include="Source\Engine\Sound">
      <UniqueIdentifier>{8367ac51-ce2e-46e9-b371-6f6c31939b5c}</UniqueIdentifier>
    </Filter>
    <Filter Include="Source\Scenes\Menus\HackerMode">
      <UniqueIdentifier>{b7fe6d4b-2ded-42d6-afd6-82356a8ce133}</UniqueIdentifier>
    </Filter>
    <Filter Include="Source\Objects\Collision">
      <UniqueIdentifier>{94e5f613-0f3a-49b6-a7f0-ccafed96546a}</UniqueIdentifier>
    </Filter>
    <Filter Include="Source\Objects\Interactables">
      <UniqueIdentifier>{0852c3e4-fc82-4678-9a59-dbb701f51a8f}</UniqueIdentifier>
    </Filter>
    <Filter Include="Source\Objects\Hackables">
      <UniqueIdentifier>{af157143-ff33-4a8a-888f-56b9fd04564e}</UniqueIdentifier>
    </Filter>
    <Filter Include="Source\Scenes\Minigames">
      <UniqueIdentifier>{08081095-b5ff-4eae-af2d-267645d6584d}</UniqueIdentifier>
    </Filter>
    <Filter Include="Source\Entities\Npcs">
      <UniqueIdentifier>{1febd58c-fd81-4bf6-a498-dc590c8d3379}</UniqueIdentifier>
    </Filter>
    <Filter Include="Source\Scenes\Menus\LoadingScreen">
      <UniqueIdentifier>{5b766df7-ace8-43f1-bf59-f0f9d699f795}</UniqueIdentifier>
    </Filter>
    <Filter Include="Source\Entities\Enemies\Caverns">
      <UniqueIdentifier>{ffa13134-18c2-4485-8a7c-bfb335334408}</UniqueIdentifier>
    </Filter>
    <Filter Include="Source\Entities\Enemies\Forest">
      <UniqueIdentifier>{ffedeb11-512c-47dc-b60b-a91df41e1fe2}</UniqueIdentifier>
    </Filter>
    <Filter Include="Source\Entities\Enemies\Jungle">
      <UniqueIdentifier>{2f08e056-7425-407e-9bf1-f9d1abd6e318}</UniqueIdentifier>
    </Filter>
    <Filter Include="Source\Entities\Enemies\Obelisk">
      <UniqueIdentifier>{88d85204-53bb-4bce-9762-7d15f46c7797}</UniqueIdentifier>
    </Filter>
    <Filter Include="Source\Entities\Enemies\Ruins">
      <UniqueIdentifier>{3dc074bf-579d-4e42-a335-d6e656dfac6c}</UniqueIdentifier>
    </Filter>
    <Filter Include="Source\Entities\Enemies\Snow">
      <UniqueIdentifier>{1d5d0fa9-2bc6-4d2d-9b86-e4495c16d8de}</UniqueIdentifier>
    </Filter>
    <Filter Include="Source\Entities\Enemies\Volcano">
      <UniqueIdentifier>{d1f43d9a-31f0-4f52-bf65-da343e7884bf}</UniqueIdentifier>
    </Filter>
    <Filter Include="Source\Entities\Enemies\Castle">
      <UniqueIdentifier>{03f87c9a-f720-465f-a5c1-2fee707e65e6}</UniqueIdentifier>
    </Filter>
    <Filter Include="Source\Events">
      <UniqueIdentifier>{e9ef9eef-8a01-4d65-b231-b8b59fc9ac49}</UniqueIdentifier>
    </Filter>
    <Filter Include="Source\Objects\Interactables\Plushies">
      <UniqueIdentifier>{66257141-b1a3-4a9a-bdd3-890ecc9ac4ea}</UniqueIdentifier>
    </Filter>
    <Filter Include="Source\Entities\Enemies\Mech">
      <UniqueIdentifier>{76e6c2db-8ed9-4f39-8662-c09195d7ea0a}</UniqueIdentifier>
    </Filter>
    <Filter Include="Source\Scenes\Minigames\Hexus">
      <UniqueIdentifier>{f4b1560a-37c3-4bc4-996d-b5034b0d838d}</UniqueIdentifier>
    </Filter>
    <Filter Include="Source\Scenes\Minigames\Hexus\Components">
      <UniqueIdentifier>{87c40124-5e4e-4a9d-a46c-ded427cf7a16}</UniqueIdentifier>
    </Filter>
    <Filter Include="Source\Scenes\Fight">
      <UniqueIdentifier>{87c40124-5e4e-4a9d-a46c-ded427cf7a18}</UniqueIdentifier>
    </Filter>
    <Filter Include="Source\Engine\Save">
      <UniqueIdentifier>{e88216dc-aa29-470e-9232-cd2f85e723b1}</UniqueIdentifier>
    </Filter>
    <Filter Include="Source\Engine\Rendering">
      <UniqueIdentifier>{ed5bc229-752b-4036-b1e3-cfc6c071440e}</UniqueIdentifier>
    </Filter>
    <Filter Include="Source\Engine\Rendering\Components">
      <UniqueIdentifier>{59d011ae-970a-4f51-a323-6c474be5079d}</UniqueIdentifier>
    </Filter>
    <Filter Include="Source\Engine\Rendering\HUD">
      <UniqueIdentifier>{018da264-5fc8-4aef-89fe-d137b354ee9e}</UniqueIdentifier>
    </Filter>
    <Filter Include="Source\Engine\Rendering\Shaders">
      <UniqueIdentifier>{2e9ff4e8-254e-4582-b2f9-f801a48d1ff2}</UniqueIdentifier>
    </Filter>
    <Filter Include="Source\Engine\Maps">
      <UniqueIdentifier>{7389bbbb-d25e-4562-80a7-0e5f8e6dc7b6}</UniqueIdentifier>
    </Filter>
    <Filter Include="Source\Scenes\Level\Environments\Backgrounds">
      <UniqueIdentifier>{eab4dd14-9013-4f67-ab84-af92be28aea5}</UniqueIdentifier>
    </Filter>
    <Filter Include="Source\Scenes\Level\Environments\Backgrounds\MatrixRain">
      <UniqueIdentifier>{bbc5ca1a-e7fa-48ed-89ac-6fd974bcb259}</UniqueIdentifier>
    </Filter>
    <Filter Include="Source\Scenes\Level\Environments\Weather">
      <UniqueIdentifier>{b77f62d5-4f51-45f2-b6f8-a800e4b3e931}</UniqueIdentifier>
    </Filter>
    <Filter Include="Source\Engine\Localization">
      <UniqueIdentifier>{a7cc76b5-f620-4d85-aed6-328694f9b27f}</UniqueIdentifier>
    </Filter>
    <Filter Include="Source\Engine\Config">
      <UniqueIdentifier>{ce5a0488-0b0e-462b-844a-951833d07495}</UniqueIdentifier>
    </Filter>
    <Filter Include="Source\Engine\Utils">
      <UniqueIdentifier>{e8b7a6d3-2c54-426e-b0c9-2ef635084fbc}</UniqueIdentifier>
    </Filter>
  </ItemGroup>
  <ItemGroup>
    <ClCompile Include="..\Source\Entities\Entity.cpp">
      <Filter>Source\Entities</Filter>
    </ClCompile>
    <ClCompile Include="..\Source\Resources.cpp">
      <Filter>Source</Filter>
    </ClCompile>
    <ClCompile Include="..\Source\Scenes\Menus\Options\OptionsMenu.cpp">
      <Filter>Source\Scenes\Menus\Options</Filter>
    </ClCompile>
    <ClCompile Include="..\Source\Scenes\Menus\Pause\PauseMenu.cpp">
      <Filter>Source\Scenes\Menus\Pause</Filter>
    </ClCompile>
    <ClCompile Include="..\Source\Engine\Sound\SoundManager.cpp">
      <Filter>Source\Engine\Sound</Filter>
    </ClCompile>
    <ClCompile Include="..\Source\Scenes\Menus\MenuBackground.cpp">
      <Filter>Source\Scenes\Menus</Filter>
    </ClCompile>
    <ClCompile Include="..\Source\Scenes\Menus\Story\StoryMap.cpp">
      <Filter>Source\Scenes\Menus\Story</Filter>
    </ClCompile>
    <ClCompile Include="..\Source\Scenes\Menus\Story\MapNode.cpp">
      <Filter>Source\Scenes\Menus\Story</Filter>
    </ClCompile>
    <ClCompile Include="..\Source\Scenes\Menus\Tutorial\TutorialItem.cpp">
      <Filter>Source\Scenes\Menus\Tutorial</Filter>
    </ClCompile>
    <ClCompile Include="..\Source\Scenes\Menus\Tutorial\TutorialScreen.cpp">
      <Filter>Source\Scenes\Menus\Tutorial</Filter>
    </ClCompile>
    <ClCompile Include="..\Source\Scenes\Menus\Title\TitleScreen.cpp">
      <Filter>Source\Scenes\Menus\Title</Filter>
    </ClCompile>
    <ClCompile Include="..\Source\Scenes\Menus\Title\HackerMode.cpp">
      <Filter>Source\Scenes\Menus\Title</Filter>
    </ClCompile>
    <ClCompile Include="..\Source\Scenes\Menus\Confirmation\ConfirmationMenu.cpp">
      <Filter>Source\Scenes\Menus\Confirmation</Filter>
    </ClCompile>
    <ClCompile Include="..\Source\Engine\Input\InputManager.cpp">
      <Filter>Source\Engine\Input</Filter>
    </ClCompile>
    <ClCompile Include="..\Source\Entities\Player\Player.cpp">
      <Filter>Source\Entities\Player</Filter>
    </ClCompile>
    <ClCompile Include="..\Source\Entities\Player\Hover.cpp">
      <Filter>Source\Entities\Player</Filter>
    </ClCompile>
    <ClCompile Include="..\Source\Scenes\Level\LevelCamera.cpp">
      <Filter>Source\Scenes\Level</Filter>
    </ClCompile>
    <ClCompile Include="..\Source\Scenes\Menus\Title\TitleScreenBackground.cpp">
      <Filter>Source\Scenes\Menus\Title</Filter>
    </ClCompile>
    <ClCompile Include="..\Source\Scenes\Menus\Dialog\DialogMenu.cpp">
      <Filter>Source\Scenes\Menus\Dialog</Filter>
    </ClCompile>
    <ClCompile Include="..\Source\Objects\Collision\CollisionObject.cpp">
      <Filter>Source\Objects\Collision</Filter>
    </ClCompile>
    <ClCompile Include="..\Source\Objects\ParallaxObject.cpp">
      <Filter>Source\Objects</Filter>
    </ClCompile>
    <ClCompile Include="..\Source\Objects\Interactables\WarpGate.cpp">
      <Filter>Source\Objects\Interactables</Filter>
    </ClCompile>
    <ClCompile Include="..\Source\Objects\Interactables\Monitor.cpp">
      <Filter>Source\Objects\Interactables</Filter>
    </ClCompile>
    <ClCompile Include="..\Source\Objects\Hackables\HackableObject.cpp">
      <Filter>Source\Objects\Hackables</Filter>
    </ClCompile>
    <ClCompile Include="..\Source\Objects\Interactables\WarpGateExactScanTutorial.cpp">
      <Filter>Source\Objects\Interactables</Filter>
    </ClCompile>
    <ClCompile Include="..\Source\Scenes\Menus\HackerMode\RadialMenu.cpp">
      <Filter>Source\Scenes\Menus\HackerMode</Filter>
    </ClCompile>
    <ClCompile Include="..\Source\Objects\Hackables\HackableCode.cpp">
      <Filter>Source\Objects\Hackables</Filter>
    </ClCompile>
    <ClCompile Include="..\Source\Objects\Hackables\HackableData.cpp">
      <Filter>Source\Objects\Hackables</Filter>
    </ClCompile>
    <ClCompile Include="..\Source\Objects\Hackables\HackableAttribute.cpp">
      <Filter>Source\Objects\Hackables</Filter>
    </ClCompile>
    <ClCompile Include="..\Source\Scenes\Menus\HackerMode\CodeEditor.cpp">
      <Filter>Source\Scenes\Menus\HackerMode</Filter>
    </ClCompile>
    <ClCompile Include="..\Source\Entities\Npcs\Knight.cpp">
      <Filter>Source\Entities\Npcs</Filter>
    </ClCompile>
    <ClCompile Include="..\Source\Entities\Npcs\NpcBase.cpp">
      <Filter>Source\Entities\Npcs</Filter>
    </ClCompile>
    <ClCompile Include="..\Source\Scenes\Minigames\Hexus\Card.cpp">
      <Filter>Source\Scenes\Minigames\Hexus</Filter>
    </ClCompile>
    <ClCompile Include="..\Source\Scenes\Minigames\Hexus\CardStorage.cpp">
      <Filter>Source\Scenes\Minigames\Hexus</Filter>
    </ClCompile>
    <ClCompile Include="..\Source\Scenes\Minigames\Hexus\Deck.cpp">
      <Filter>Source\Scenes\Minigames\Hexus</Filter>
    </ClCompile>
    <ClCompile Include="..\Source\Scenes\Minigames\Hexus\Hexus.cpp">
      <Filter>Source\Scenes\Minigames\Hexus</Filter>
    </ClCompile>
    <ClCompile Include="..\Source\Scenes\Minigames\Hexus\CardData.cpp">
      <Filter>Source\Scenes\Minigames\Hexus</Filter>
    </ClCompile>
    <ClCompile Include="..\Source\Scenes\Minigames\Hexus\CardRow.cpp">
      <Filter>Source\Scenes\Minigames\Hexus</Filter>
    </ClCompile>
    <ClCompile Include="..\Source\Scenes\Minigames\Hexus\GameState.cpp">
      <Filter>Source\Scenes\Minigames\Hexus</Filter>
    </ClCompile>
    <ClCompile Include="..\Source\Scenes\Minigames\Hexus\Config.cpp">
      <Filter>Source\Scenes\Minigames\Hexus</Filter>
    </ClCompile>
    <ClCompile Include="..\Source\Scenes\Minigames\Hexus\Components\CoinFlip.cpp">
      <Filter>Source\Scenes\Minigames\Hexus\Components</Filter>
    </ClCompile>
    <ClCompile Include="..\Source\Scenes\Minigames\Hexus\Components\CardPreview.cpp">
      <Filter>Source\Scenes\Minigames\Hexus\Components</Filter>
    </ClCompile>
    <ClCompile Include="..\Source\Scenes\Minigames\Hexus\Components\LossesDisplay.cpp">
      <Filter>Source\Scenes\Minigames\Hexus\Components</Filter>
    </ClCompile>
    <ClCompile Include="..\Source\Scenes\Minigames\Hexus\Components\ScoreTotal.cpp">
      <Filter>Source\Scenes\Minigames\Hexus\Components</Filter>
    </ClCompile>
    <ClCompile Include="..\Source\Scenes\Minigames\Hexus\Components\ComponentBase.cpp">
      <Filter>Source\Scenes\Minigames\Hexus\Components</Filter>
    </ClCompile>
    <ClCompile Include="..\Source\Scenes\Minigames\Hexus\Components\RowTotals.cpp">
      <Filter>Source\Scenes\Minigames\Hexus\Components</Filter>
    </ClCompile>
    <ClCompile Include="..\Source\Scenes\Minigames\Hexus\Components\DeckCardCountDisplay.cpp">
      <Filter>Source\Scenes\Minigames\Hexus\Components</Filter>
    </ClCompile>
    <ClCompile Include="..\Source\Scenes\Minigames\Hexus\Components\HandCardCountDisplay.cpp">
      <Filter>Source\Scenes\Minigames\Hexus\Components</Filter>
    </ClCompile>
    <ClCompile Include="..\Source\Scenes\Minigames\Hexus\Components\Avatars.cpp">
      <Filter>Source\Scenes\Minigames\Hexus\Components</Filter>
    </ClCompile>
    <ClCompile Include="..\Source\Scenes\Minigames\Hexus\Components\Banners.cpp">
      <Filter>Source\Scenes\Minigames\Hexus\Components</Filter>
    </ClCompile>
    <ClCompile Include="..\Source\Scenes\Minigames\Hexus\Components\ControlDraw.cpp">
      <Filter>Source\Scenes\Minigames\Hexus\Components</Filter>
    </ClCompile>
    <ClCompile Include="..\Source\Scenes\Minigames\Hexus\Components\ControlNeutral.cpp">
      <Filter>Source\Scenes\Minigames\Hexus\Components</Filter>
    </ClCompile>
    <ClCompile Include="..\Source\Scenes\Minigames\Hexus\Components\ControlSacrificeStaged.cpp">
      <Filter>Source\Scenes\Minigames\Hexus\Components</Filter>
    </ClCompile>
    <ClCompile Include="..\Source\Scenes\Minigames\Hexus\Components\ControlSelectionStaged.cpp">
      <Filter>Source\Scenes\Minigames\Hexus\Components</Filter>
    </ClCompile>
    <ClCompile Include="..\Source\Scenes\Minigames\Hexus\Components\ControlEndTurn.cpp">
      <Filter>Source\Scenes\Minigames\Hexus\Components</Filter>
    </ClCompile>
    <ClCompile Include="..\Source\Scenes\Minigames\Hexus\Components\ControlReplaceCards.cpp">
      <Filter>Source\Scenes\Minigames\Hexus\Components</Filter>
    </ClCompile>
    <ClCompile Include="..\Source\Scenes\Menus\LoadingScreen\LoadingScreen.cpp">
      <Filter>Source\Scenes\Menus\LoadingScreen</Filter>
    </ClCompile>
    <ClCompile Include="..\Source\Entities\Enemies\Castle\BossWitch.cpp">
      <Filter>Source\Entities\Enemies\Castle</Filter>
    </ClCompile>
    <ClCompile Include="..\Source\Entities\Enemies\Castle\Ghost.cpp">
      <Filter>Source\Entities\Enemies\Castle</Filter>
    </ClCompile>
    <ClCompile Include="..\Source\Entities\Enemies\Castle\Harpy.cpp">
      <Filter>Source\Entities\Enemies\Castle</Filter>
    </ClCompile>
    <ClCompile Include="..\Source\Entities\Enemies\Castle\Jack.cpp">
      <Filter>Source\Entities\Enemies\Castle</Filter>
    </ClCompile>
    <ClCompile Include="..\Source\Entities\Enemies\Castle\VampireLord.cpp">
      <Filter>Source\Entities\Enemies\Castle</Filter>
    </ClCompile>
    <ClCompile Include="..\Source\Entities\Enemies\Caverns\BlackWidow.cpp">
      <Filter>Source\Entities\Enemies\Caverns</Filter>
    </ClCompile>
    <ClCompile Include="..\Source\Entities\Enemies\Caverns\BossKrampus.cpp">
      <Filter>Source\Entities\Enemies\Caverns</Filter>
    </ClCompile>
    <ClCompile Include="..\Source\Entities\Enemies\Caverns\EarthGolem.cpp">
      <Filter>Source\Entities\Enemies\Caverns</Filter>
    </ClCompile>
    <ClCompile Include="..\Source\Entities\Enemies\Caverns\ForestGolem.cpp">
      <Filter>Source\Entities\Enemies\Caverns</Filter>
    </ClCompile>
    <ClCompile Include="..\Source\Entities\Enemies\Caverns\RockGolem.cpp">
      <Filter>Source\Entities\Enemies\Caverns</Filter>
    </ClCompile>
    <ClCompile Include="..\Source\Entities\Enemies\Forest\Cyclops.cpp">
      <Filter>Source\Entities\Enemies\Forest</Filter>
    </ClCompile>
    <ClCompile Include="..\Source\Entities\Enemies\Forest\GoblinShaman.cpp">
      <Filter>Source\Entities\Enemies\Forest</Filter>
    </ClCompile>
    <ClCompile Include="..\Source\Entities\Enemies\Forest\OrcGrunt.cpp">
      <Filter>Source\Entities\Enemies\Forest</Filter>
    </ClCompile>
    <ClCompile Include="..\Source\Entities\Enemies\Forest\OrcWarrior.cpp">
      <Filter>Source\Entities\Enemies\Forest</Filter>
    </ClCompile>
    <ClCompile Include="..\Source\Entities\Enemies\Forest\Troll.cpp">
      <Filter>Source\Entities\Enemies\Forest</Filter>
    </ClCompile>
    <ClCompile Include="..\Source\Entities\Enemies\Jungle\BossRhinoman.cpp">
      <Filter>Source\Entities\Enemies\Jungle</Filter>
    </ClCompile>
    <ClCompile Include="..\Source\Entities\Enemies\Jungle\JungleDragon.cpp">
      <Filter>Source\Entities\Enemies\Jungle</Filter>
    </ClCompile>
    <ClCompile Include="..\Source\Entities\Enemies\Jungle\Minotaur.cpp">
      <Filter>Source\Entities\Enemies\Jungle</Filter>
    </ClCompile>
    <ClCompile Include="..\Source\Entities\Enemies\Jungle\PigDemon.cpp">
      <Filter>Source\Entities\Enemies\Jungle</Filter>
    </ClCompile>
    <ClCompile Include="..\Source\Entities\Enemies\Obelisk\Abomination.cpp">
      <Filter>Source\Entities\Enemies\Obelisk</Filter>
    </ClCompile>
    <ClCompile Include="..\Source\Entities\Enemies\Obelisk\BossSkeletonKing.cpp">
      <Filter>Source\Entities\Enemies\Obelisk</Filter>
    </ClCompile>
    <ClCompile Include="..\Source\Entities\Enemies\Obelisk\DarkDragon.cpp">
      <Filter>Source\Entities\Enemies\Obelisk</Filter>
    </ClCompile>
    <ClCompile Include="..\Source\Entities\Enemies\Obelisk\SkeletonBaron.cpp">
      <Filter>Source\Entities\Enemies\Obelisk</Filter>
    </ClCompile>
    <ClCompile Include="..\Source\Entities\Enemies\Obelisk\SkeletonCleaver.cpp">
      <Filter>Source\Entities\Enemies\Obelisk</Filter>
    </ClCompile>
    <ClCompile Include="..\Source\Entities\Enemies\Obelisk\SkeletonPriestess.cpp">
      <Filter>Source\Entities\Enemies\Obelisk</Filter>
    </ClCompile>
    <ClCompile Include="..\Source\Entities\Enemies\Obelisk\Undead.cpp">
      <Filter>Source\Entities\Enemies\Obelisk</Filter>
    </ClCompile>
    <ClCompile Include="..\Source\Entities\Enemies\Obelisk\VoidDemon.cpp">
      <Filter>Source\Entities\Enemies\Obelisk</Filter>
    </ClCompile>
    <ClCompile Include="..\Source\Entities\Enemies\Ruins\AnubisWarrior.cpp">
      <Filter>Source\Entities\Enemies\Ruins</Filter>
    </ClCompile>
    <ClCompile Include="..\Source\Entities\Enemies\Ruins\Lioness.cpp">
      <Filter>Source\Entities\Enemies\Ruins</Filter>
    </ClCompile>
    <ClCompile Include="..\Source\Entities\Enemies\Ruins\Medusa.cpp">
      <Filter>Source\Entities\Enemies\Ruins</Filter>
    </ClCompile>
    <ClCompile Include="..\Source\Entities\Enemies\Ruins\Mermaid.cpp">
      <Filter>Source\Entities\Enemies\Ruins</Filter>
    </ClCompile>
    <ClCompile Include="..\Source\Entities\Enemies\Snow\EvilSnowman.cpp">
      <Filter>Source\Entities\Enemies\Snow</Filter>
    </ClCompile>
    <ClCompile Include="..\Source\Entities\Enemies\Snow\FrostDragon.cpp">
      <Filter>Source\Entities\Enemies\Snow</Filter>
    </ClCompile>
    <ClCompile Include="..\Source\Entities\Enemies\Snow\GoblinElf.cpp">
      <Filter>Source\Entities\Enemies\Snow</Filter>
    </ClCompile>
    <ClCompile Include="..\Source\Entities\Enemies\Snow\IceGolem.cpp">
      <Filter>Source\Entities\Enemies\Snow</Filter>
    </ClCompile>
    <ClCompile Include="..\Source\Entities\Enemies\Snow\TinyIceGolem.cpp">
      <Filter>Source\Entities\Enemies\Snow</Filter>
    </ClCompile>
    <ClCompile Include="..\Source\Entities\Enemies\Volcano\CritterDemon.cpp">
      <Filter>Source\Entities\Enemies\Volcano</Filter>
    </ClCompile>
    <ClCompile Include="..\Source\Entities\Enemies\Volcano\DemonRogue.cpp">
      <Filter>Source\Entities\Enemies\Volcano</Filter>
    </ClCompile>
    <ClCompile Include="..\Source\Entities\Enemies\Volcano\DemonShaman.cpp">
      <Filter>Source\Entities\Enemies\Volcano</Filter>
    </ClCompile>
    <ClCompile Include="..\Source\Entities\Enemies\Volcano\DemonWarrior.cpp">
      <Filter>Source\Entities\Enemies\Volcano</Filter>
    </ClCompile>
    <ClCompile Include="..\Source\Entities\Enemies\Volcano\LavaGolem.cpp">
      <Filter>Source\Entities\Enemies\Volcano</Filter>
    </ClCompile>
    <ClCompile Include="..\Source\Events\DialogEvents.cpp">
      <Filter>Source\Events</Filter>
    </ClCompile>
    <ClCompile Include="..\Source\Events\MouseEvents.cpp">
      <Filter>Source\Events</Filter>
    </ClCompile>
    <ClCompile Include="..\Source\Events\NavigationEvents.cpp">
      <Filter>Source\Events</Filter>
    </ClCompile>
    <ClCompile Include="..\Source\Entities\Enemy.cpp">
      <Filter>Source\Entities</Filter>
    </ClCompile>
    <ClCompile Include="..\Source\Entities\Enemies\Ruins\MummyPharaoh.cpp">
      <Filter>Source\Entities\Enemies\Ruins</Filter>
    </ClCompile>
    <ClCompile Include="..\Source\Objects\Interactables\Plushies\Plushie.cpp">
      <Filter>Source\Objects\Interactables\Plushies</Filter>
    </ClCompile>
    <ClCompile Include="..\Source\Objects\Interactables\Plushies\PlushieMonkey.cpp">
      <Filter>Source\Objects\Interactables\Plushies</Filter>
    </ClCompile>
    <ClCompile Include="..\Source\Objects\Interactables\Chest.cpp">
      <Filter>Source\Objects\Interactables</Filter>
    </ClCompile>
    <ClCompile Include="..\Source\Events\HackableEvents.cpp">
      <Filter>Source\Events</Filter>
    </ClCompile>
    <ClCompile Include="..\Source\Events\HexusEvents.cpp">
      <Filter>Source\Events</Filter>
    </ClCompile>
    <ClCompile Include="..\Source\Objects\Interactables\Wind.cpp">
      <Filter>Source\Objects\Interactables</Filter>
    </ClCompile>
    <ClCompile Include="..\Source\Entities\Enemies\Forest\BossDragonOrcKing.cpp">
      <Filter>Source\Entities\Enemies\Forest</Filter>
    </ClCompile>
    <ClCompile Include="..\Source\Entities\Enemies\Forest\GoblinGruntBoar.cpp">
      <Filter>Source\Entities\Enemies\Forest</Filter>
    </ClCompile>
    <ClCompile Include="..\Source\Entities\Enemies\Forest\GoblinGuard.cpp">
      <Filter>Source\Entities\Enemies\Forest</Filter>
    </ClCompile>
    <ClCompile Include="..\Source\Entities\Enemies\Forest\GoblinWarriorPig.cpp">
      <Filter>Source\Entities\Enemies\Forest</Filter>
    </ClCompile>
    <ClCompile Include="..\Source\Entities\Enemies\Forest\Ent.cpp">
      <Filter>Source\Entities\Enemies\Forest</Filter>
    </ClCompile>
    <ClCompile Include="..\Source\Entities\Enemies\Forest\EntMage.cpp">
      <Filter>Source\Entities\Enemies\Forest</Filter>
    </ClCompile>
    <ClCompile Include="..\Source\Entities\Enemies\Jungle\GoblinGrunt.cpp">
      <Filter>Source\Entities\Enemies\Jungle</Filter>
    </ClCompile>
    <ClCompile Include="..\Source\Entities\Enemies\Jungle\GoblinSwordsman.cpp">
      <Filter>Source\Entities\Enemies\Jungle</Filter>
    </ClCompile>
    <ClCompile Include="..\Source\Entities\Enemies\Jungle\Mantis.cpp">
      <Filter>Source\Entities\Enemies\Jungle</Filter>
    </ClCompile>
    <ClCompile Include="..\Source\Entities\Enemies\Jungle\TikiGolem.cpp">
      <Filter>Source\Entities\Enemies\Jungle</Filter>
    </ClCompile>
    <ClCompile Include="..\Source\Entities\Enemies\Jungle\PurpleDinosaur.cpp">
      <Filter>Source\Entities\Enemies\Jungle</Filter>
    </ClCompile>
    <ClCompile Include="..\Source\Entities\Enemies\Jungle\TikiWarrior.cpp">
      <Filter>Source\Entities\Enemies\Jungle</Filter>
    </ClCompile>
    <ClCompile Include="..\Source\Entities\Enemies\Obelisk\DemonArcher.cpp">
      <Filter>Source\Entities\Enemies\Obelisk</Filter>
    </ClCompile>
    <ClCompile Include="..\Source\Entities\Enemies\Obelisk\BatDemon.cpp">
      <Filter>Source\Entities\Enemies\Obelisk</Filter>
    </ClCompile>
    <ClCompile Include="..\Source\Entities\Enemies\Ruins\BossEgyptianGoddess.cpp">
      <Filter>Source\Entities\Enemies\Ruins</Filter>
    </ClCompile>
    <ClCompile Include="..\Source\Entities\Enemies\Ruins\AnubisTiny.cpp">
      <Filter>Source\Entities\Enemies\Ruins</Filter>
    </ClCompile>
    <ClCompile Include="..\Source\Entities\Enemies\Ruins\LionMan.cpp">
      <Filter>Source\Entities\Enemies\Ruins</Filter>
    </ClCompile>
    <ClCompile Include="..\Source\Entities\Enemies\Ruins\MedusaSmall.cpp">
      <Filter>Source\Entities\Enemies\Ruins</Filter>
    </ClCompile>
    <ClCompile Include="..\Source\Entities\Enemies\Ruins\Tigress.cpp">
      <Filter>Source\Entities\Enemies\Ruins</Filter>
    </ClCompile>
    <ClCompile Include="..\Source\Entities\Enemies\Snow\BossIceGolem.cpp">
      <Filter>Source\Entities\Enemies\Snow</Filter>
    </ClCompile>
    <ClCompile Include="..\Source\Entities\Enemies\Snow\FrostShooter.cpp">
      <Filter>Source\Entities\Enemies\Snow</Filter>
    </ClCompile>
    <ClCompile Include="..\Source\Entities\Enemies\Snow\Yeti.cpp">
      <Filter>Source\Entities\Enemies\Snow</Filter>
    </ClCompile>
    <ClCompile Include="..\Source\Entities\Enemies\Snow\YetiWarrior.cpp">
      <Filter>Source\Entities\Enemies\Snow</Filter>
    </ClCompile>
    <ClCompile Include="..\Source\Entities\Enemies\Snow\ToySoldierGoblin.cpp">
      <Filter>Source\Entities\Enemies\Snow</Filter>
    </ClCompile>
    <ClCompile Include="..\Source\Entities\Enemies\Snow\WaterElemental.cpp">
      <Filter>Source\Entities\Enemies\Snow</Filter>
    </ClCompile>
    <ClCompile Include="..\Source\Entities\Enemies\Volcano\DemonDragon.cpp">
      <Filter>Source\Entities\Enemies\Volcano</Filter>
    </ClCompile>
    <ClCompile Include="..\Source\Entities\Enemies\Volcano\DemonGhost.cpp">
      <Filter>Source\Entities\Enemies\Volcano</Filter>
    </ClCompile>
    <ClCompile Include="..\Source\Entities\Enemies\Volcano\FireElemental.cpp">
      <Filter>Source\Entities\Enemies\Volcano</Filter>
    </ClCompile>
    <ClCompile Include="..\Source\Entities\Enemies\Volcano\DemonGrunt.cpp">
      <Filter>Source\Entities\Enemies\Volcano</Filter>
    </ClCompile>
    <ClCompile Include="..\Source\Entities\Enemies\Volcano\BossDemonKing.cpp">
      <Filter>Source\Entities\Enemies\Volcano</Filter>
    </ClCompile>
    <ClCompile Include="..\Source\Entities\Enemies\Volcano\DemonSwordsman.cpp">
      <Filter>Source\Entities\Enemies\Volcano</Filter>
    </ClCompile>
    <ClCompile Include="..\Source\Entities\Enemies\Mech\BossEvilEye.cpp">
      <Filter>Source\Entities\Enemies\Mech</Filter>
    </ClCompile>
    <ClCompile Include="..\Source\Entities\Enemies\Mech\Exterminator.cpp">
      <Filter>Source\Entities\Enemies\Mech</Filter>
    </ClCompile>
    <ClCompile Include="..\Source\Entities\Enemies\Mech\MechDog.cpp">
      <Filter>Source\Entities\Enemies\Mech</Filter>
    </ClCompile>
    <ClCompile Include="..\Source\Entities\Enemies\Mech\MechGolem.cpp">
      <Filter>Source\Entities\Enemies\Mech</Filter>
    </ClCompile>
    <ClCompile Include="..\Source\Entities\Enemies\Mech\MechGolemDark.cpp">
      <Filter>Source\Entities\Enemies\Mech</Filter>
    </ClCompile>
    <ClCompile Include="..\Source\Entities\Enemies\Mech\MechGuard.cpp">
      <Filter>Source\Entities\Enemies\Mech</Filter>
    </ClCompile>
    <ClCompile Include="..\Source\Entities\Enemies\Mech\MiteBot.cpp">
      <Filter>Source\Entities\Enemies\Mech</Filter>
    </ClCompile>
    <ClCompile Include="..\Source\Entities\Enemies\Mech\VikingBot.cpp">
      <Filter>Source\Entities\Enemies\Mech</Filter>
    </ClCompile>
    <ClCompile Include="..\Source\Entities\Enemies\Mech\VikingBotSmall.cpp">
      <Filter>Source\Entities\Enemies\Mech</Filter>
    </ClCompile>
    <ClCompile Include="..\Source\Entities\Enemies\Snow\BossSanta.cpp">
      <Filter>Source\Entities\Enemies\Snow</Filter>
    </ClCompile>
    <ClCompile Include="..\Source\Entities\Enemies\Caverns\EarthElemental.cpp">
      <Filter>Source\Entities\Enemies\Caverns</Filter>
    </ClCompile>
    <ClCompile Include="..\Source\Entities\Enemies\Caverns\Genie.cpp">
      <Filter>Source\Entities\Enemies\Caverns</Filter>
    </ClCompile>
    <ClCompile Include="..\Source\Entities\Enemies\Caverns\SkeletonNecromancer.cpp">
      <Filter>Source\Entities\Enemies\Caverns</Filter>
    </ClCompile>
    <ClCompile Include="..\Source\Entities\Enemies\Caverns\SkeletonWarrior.cpp">
      <Filter>Source\Entities\Enemies\Caverns</Filter>
    </ClCompile>
    <ClCompile Include="..\Source\Entities\Enemies\Caverns\Shaman.cpp">
      <Filter>Source\Entities\Enemies\Caverns</Filter>
    </ClCompile>
    <ClCompile Include="..\Source\Entities\Enemies\Caverns\SkeletonArcher.cpp">
      <Filter>Source\Entities\Enemies\Caverns</Filter>
    </ClCompile>
    <ClCompile Include="..\Source\Entities\Enemies\Castle\Guard.cpp">
      <Filter>Source\Entities\Enemies\Castle</Filter>
    </ClCompile>
    <ClCompile Include="..\Source\Entities\Enemies\Castle\Reaper.cpp">
      <Filter>Source\Entities\Enemies\Castle</Filter>
    </ClCompile>
    <ClCompile Include="..\Source\Entities\Enemies\Castle\Vampiress.cpp">
      <Filter>Source\Entities\Enemies\Castle</Filter>
    </ClCompile>
    <ClCompile Include="..\Source\Entities\Enemies\Castle\Zombie.cpp">
      <Filter>Source\Entities\Enemies\Castle</Filter>
    </ClCompile>
    <ClCompile Include="..\Source\Entities\Enemies\Castle\SkeletonMage.cpp">
      <Filter>Source\Entities\Enemies\Castle</Filter>
    </ClCompile>
    <ClCompile Include="..\Source\Entities\Enemies\Jungle\GoblinWarrior.cpp">
      <Filter>Source\Entities\Enemies\Jungle</Filter>
    </ClCompile>
    <ClCompile Include="..\Source\Entities\Enemies\Obelisk\SkeletonKnight.cpp">
      <Filter>Source\Entities\Enemies\Obelisk</Filter>
    </ClCompile>
    <ClCompile Include="..\Source\Entities\Enemies\Ruins\TigerMan.cpp">
      <Filter>Source\Entities\Enemies\Ruins</Filter>
    </ClCompile>
    <ClCompile Include="..\Source\Entities\Enemies\Mech\Robot.cpp">
      <Filter>Source\Entities\Enemies\Mech</Filter>
    </ClCompile>
    <ClCompile Include="..\Source\Entities\Enemies\Castle\Executioner.cpp">
      <Filter>Source\Entities\Enemies\Castle</Filter>
    </ClCompile>
    <ClCompile Include="..\Source\Entities\Enemies\Mech\MechBoxDrone.cpp">
      <Filter>Source\Entities\Enemies\Mech</Filter>
    </ClCompile>
    <ClCompile Include="..\Source\Scenes\Level\Level.cpp">
      <Filter>Source\Scenes\Level</Filter>
    </ClCompile>
    <ClCompile Include="Main.cpp" />
    <ClCompile Include="..\Source\Engine\Save\SaveManager.cpp">
      <Filter>Source\Engine\Save</Filter>
    </ClCompile>
    <ClCompile Include="..\Source\Scenes\Fight\Fight.cpp">
      <Filter>Source\Scenes\Fight</Filter>
    </ClCompile>
    <ClCompile Include="..\Source\Scenes\SceneDirector.cpp">
      <Filter>Source\Scenes</Filter>
    </ClCompile>
    <ClCompile Include="..\Source\Window.cpp">
      <Filter>Source</Filter>
    </ClCompile>
    <ClCompile Include="..\Source\Engine/Rendering\HUD\Hud.cpp">
      <Filter>Source\Engine\Rendering\HUD</Filter>
    </ClCompile>
    <ClCompile Include="..\Source\Engine/Rendering\Components\InfiniteParallaxNode.cpp">
      <Filter>Source\Engine\Rendering\Components</Filter>
    </ClCompile>
    <ClCompile Include="..\Source\Engine/Rendering\Components\CProgressBar.cpp">
      <Filter>Source\Engine\Rendering\Components</Filter>
    </ClCompile>
    <ClCompile Include="..\Source\Engine/Rendering\Components\CRadioButton.cpp">
      <Filter>Source\Engine\Rendering\Components</Filter>
    </ClCompile>
    <ClCompile Include="..\Source\Engine/Rendering\Components\CSlider.cpp">
      <Filter>Source\Engine\Rendering\Components</Filter>
    </ClCompile>
    <ClCompile Include="..\Source\Engine/Rendering\Components\CCheckbox.cpp">
      <Filter>Source\Engine\Rendering\Components</Filter>
    </ClCompile>
    <ClCompile Include="..\Source\Engine/Rendering\Components\FadeScene.cpp">
      <Filter>Source\Engine\Rendering\Components</Filter>
    </ClCompile>
    <ClCompile Include="..\Source\Engine/Rendering\Components\FloatingSprite.cpp">
      <Filter>Source\Engine\Rendering\Components</Filter>
    </ClCompile>
    <ClCompile Include="..\Source\Engine/Rendering\Components\EditableTextWindow.cpp">
      <Filter>Source\Engine\Rendering\Components</Filter>
    </ClCompile>
    <ClCompile Include="..\Source\Engine/Rendering\Components\UILayer.cpp">
      <Filter>Source\Engine\Rendering\Components</Filter>
    </ClCompile>
    <ClCompile Include="..\Source\Engine/Rendering\Components\TextWindow.cpp">
      <Filter>Source\Engine\Rendering\Components</Filter>
    </ClCompile>
    <ClCompile Include="..\Source\Engine/Rendering\Components\MouseOverPanel.cpp">
      <Filter>Source\Engine\Rendering\Components</Filter>
    </ClCompile>
    <ClCompile Include="..\Source\Engine/Rendering\Components\MenuLabel.cpp">
      <Filter>Source\Engine\Rendering\Components</Filter>
    </ClCompile>
    <ClCompile Include="..\Source\Engine/Rendering\Components\MenuSprite.cpp">
      <Filter>Source\Engine\Rendering\Components</Filter>
    </ClCompile>
    <ClCompile Include="..\Source\Engine/Rendering\Components\Mouse.cpp">
      <Filter>Source\Engine\Rendering\Components</Filter>
    </ClCompile>
    <ClCompile Include="..\Source\Engine/Rendering\HUD\HackerModeHud.cpp">
      <Filter>Source\Engine\Rendering\HUD</Filter>
    </ClCompile>
    <ClCompile Include="..\Source\Engine/Rendering\Shaders\ShaderUtils.cpp">
      <Filter>Source\Engine\Rendering\Shaders</Filter>
    </ClCompile>
    <ClCompile Include="..\Source\Engine/Rendering\Shaders\PostProcess.cpp">
      <Filter>Source\Engine\Rendering\Shaders</Filter>
    </ClCompile>
    <ClCompile Include="..\Source\Engine\Rendering\HUD\DeveloperHud.cpp">
      <Filter>Source\Engine\Rendering\HUD</Filter>
    </ClCompile>
    <ClCompile Include="..\Source\Engine\Maps\SerializableMap.cpp">
      <Filter>Source\Engine\Maps</Filter>
    </ClCompile>
    <ClCompile Include="..\Source\Engine\Maps\SerializableLayer.cpp">
      <Filter>Source\Engine\Maps</Filter>
    </ClCompile>
    <ClCompile Include="..\Source\Engine\Maps\SerializableObject.cpp">
      <Filter>Source\Engine\Maps</Filter>
    </ClCompile>
    <ClCompile Include="..\Source\Engine\Maps\SerializableTileLayer.cpp">
      <Filter>Source\Engine\Maps</Filter>
    </ClCompile>
    <ClCompile Include="..\Source\Engine\GlobalDirector.cpp">
      <Filter>Source\Engine</Filter>
    </ClCompile>
    <ClCompile Include="..\Source\Objects\Collision\CollisionDeserializer.cpp">
      <Filter>Source\Objects\Collision</Filter>
    </ClCompile>
    <ClCompile Include="..\Source\Objects\DecorDeserializer.cpp">
      <Filter>Source\Objects</Filter>
    </ClCompile>
    <ClCompile Include="..\Source\Entities\EntityDeserializer.cpp">
      <Filter>Source\Entities</Filter>
    </ClCompile>
    <ClCompile Include="..\Source\Objects\ObjectDeserializer.cpp">
      <Filter>Source\Objects</Filter>
    </ClCompile>
    <ClCompile Include="..\Source\Objects\DecorObject.cpp">
      <Filter>Source\Objects</Filter>
    </ClCompile>
    <ClCompile Include="..\Source\Engine\Maps\DefaultLayerDeserializer.cpp">
      <Filter>Source\Engine\Maps</Filter>
    </ClCompile>
    <ClCompile Include="..\Source\Scenes\Level\Environments\MusicDeserializer.cpp">
      <Filter>Source\Scenes\Level\Environments</Filter>
    </ClCompile>
    <ClCompile Include="..\Source\Scenes\Level\Environments\Backgrounds\JungleBackground.cpp">
      <Filter>Source\Scenes\Level\Environments\Backgrounds</Filter>
    </ClCompile>
    <ClCompile Include="..\Source\Scenes\Level\Environments\Backgrounds\MountainBackground.cpp">
      <Filter>Source\Scenes\Level\Environments\Backgrounds</Filter>
    </ClCompile>
    <ClCompile Include="..\Source\Scenes\Level\Environments\Backgrounds\OceanBackground.cpp">
      <Filter>Source\Scenes\Level\Environments\Backgrounds</Filter>
    </ClCompile>
    <ClCompile Include="..\Source\Scenes\Level\Environments\Backgrounds\SnowBackground.cpp">
      <Filter>Source\Scenes\Level\Environments\Backgrounds</Filter>
    </ClCompile>
    <ClCompile Include="..\Source\Scenes\Level\Environments\Backgrounds\BackgroundDeserializer.cpp">
      <Filter>Source\Scenes\Level\Environments\Backgrounds</Filter>
    </ClCompile>
    <ClCompile Include="..\Source\Scenes\Level\Environments\Backgrounds\MatrixRain\MatrixLetter.cpp">
      <Filter>Source\Scenes\Level\Environments\Backgrounds\MatrixRain</Filter>
    </ClCompile>
    <ClCompile Include="..\Source\Scenes\Level\Environments\Backgrounds\MatrixRain\MatrixRain.cpp">
      <Filter>Source\Scenes\Level\Environments\Backgrounds\MatrixRain</Filter>
    </ClCompile>
    <ClCompile Include="..\Source\Scenes\Level\Environments\Backgrounds\MatrixRain\MatrixStrand.cpp">
      <Filter>Source\Scenes\Level\Environments\Backgrounds\MatrixRain</Filter>
    </ClCompile>
    <ClCompile Include="..\Source\Scenes\Level\Environments\Weather\Rain.cpp">
      <Filter>Source\Scenes\Level\Environments\Weather</Filter>
    </ClCompile>
    <ClCompile Include="..\Source\Scenes\Level\Environments\Weather\Fireflies.cpp">
      <Filter>Source\Scenes\Level\Environments\Weather</Filter>
    </ClCompile>
    <ClCompile Include="..\Source\Scenes\Level\Environments\Weather\Snow.cpp">
      <Filter>Source\Scenes\Level\Environments\Weather</Filter>
    </ClCompile>
    <ClCompile Include="..\Source\Scenes\Level\Environments\Weather\WeatherDeserializer.cpp">
      <Filter>Source\Scenes\Level\Environments\Weather</Filter>
    </ClCompile>
    <ClCompile Include="..\Source\Scenes\Level\Environments\Backgrounds\BackgroundBase.cpp">
      <Filter>Source\Scenes\Level\Environments\Backgrounds</Filter>
    </ClCompile>
    <ClCompile Include="..\Source\Engine\Rendering\Components\TextMenuSprite.cpp">
      <Filter>Source\Engine\Rendering\Components</Filter>
    </ClCompile>
    <ClCompile Include="..\Source\Engine\Localization\Localization.cpp">
      <Filter>Source\Engine\Localization</Filter>
    </ClCompile>
    <ClCompile Include="..\Source\Engine\Config\ConfigManager.cpp">
      <Filter>Source\Engine\Config</Filter>
    </ClCompile>
    <ClCompile Include="..\Source\Engine\Utils\GameUtils.cpp">
      <Filter>Source\Engine\Utils</Filter>
    </ClCompile>
    <ClCompile Include="..\Source\Engine\Utils\HackUtils.cpp">
      <Filter>Source\Engine\Utils</Filter>
    </ClCompile>
    <ClCompile Include="..\Source\Engine\Utils\MathUtils.cpp">
      <Filter>Source\Engine\Utils</Filter>
    </ClCompile>
    <ClCompile Include="..\Source\Engine\Utils\StrUtils.cpp">
      <Filter>Source\Engine\Utils</Filter>
    </ClCompile>
  </ItemGroup>
  <ItemGroup>
    <ClInclude Include="..\Source\Scenes\Level\Level.h">
      <Filter>Source\Scenes\Level</Filter>
    </ClInclude>
    <ClInclude Include="..\Source\Entities\Entity.h">
      <Filter>Source\Entities</Filter>
    </ClInclude>
    <ClInclude Include="..\Source\Resources.h">
      <Filter>Source</Filter>
    </ClInclude>
    <ClInclude Include="..\Source\Scenes\Menus\Options\OptionsMenu.h">
      <Filter>Source\Scenes\Menus\Options</Filter>
    </ClInclude>
    <ClInclude Include="..\Source\Scenes\Menus\Pause\PauseMenu.h">
      <Filter>Source\Scenes\Menus\Pause</Filter>
    </ClInclude>
    <ClInclude Include="..\Source\Engine\Sound\SoundManager.h">
      <Filter>Source\Engine\Sound</Filter>
    </ClInclude>
    <ClInclude Include="..\Source\Scenes\Menus\MenuBackground.h">
      <Filter>Source\Scenes\Menus</Filter>
    </ClInclude>
    <ClInclude Include="..\Source\Scenes\Menus\Story\StoryMap.h">
      <Filter>Source\Scenes\Menus\Story</Filter>
    </ClInclude>
    <ClInclude Include="..\Source\Scenes\Menus\Story\MapNode.h">
      <Filter>Source\Scenes\Menus\Story</Filter>
    </ClInclude>
    <ClInclude Include="..\Source\Scenes\Menus\Tutorial\TutorialScreen.h">
      <Filter>Source\Scenes\Menus\Tutorial</Filter>
    </ClInclude>
    <ClInclude Include="..\Source\Scenes\Menus\Tutorial\TutorialItem.h">
      <Filter>Source\Scenes\Menus\Tutorial</Filter>
    </ClInclude>
    <ClInclude Include="..\Source\Scenes\Menus\Title\TitleScreenBackground.h">
      <Filter>Source\Scenes\Menus\Title</Filter>
    </ClInclude>
    <ClInclude Include="..\Source\Scenes\Menus\Title\TitleScreen.h">
      <Filter>Source\Scenes\Menus\Title</Filter>
    </ClInclude>
    <ClInclude Include="..\Source\Scenes\Menus\Title\HackerMode.h">
      <Filter>Source\Scenes\Menus\Title</Filter>
    </ClInclude>
    <ClInclude Include="..\Source\Scenes\Menus\Confirmation\ConfirmationMenu.h">
      <Filter>Source\Scenes\Menus\Confirmation</Filter>
    </ClInclude>
    <ClInclude Include="..\Source\Entities\Player\Player.h">
      <Filter>Source\Entities\Player</Filter>
    </ClInclude>
    <ClInclude Include="..\Source\Entities\Player\Hover.h">
      <Filter>Source\Entities\Player</Filter>
    </ClInclude>
    <ClInclude Include="..\Source\Scenes\Level\LevelCamera.h">
      <Filter>Source\Scenes\Level</Filter>
    </ClInclude>
    <ClInclude Include="..\Source\Entities\Entities.h">
      <Filter>Source\Entities</Filter>
    </ClInclude>
    <ClInclude Include="..\Source\Scenes\Menus\Dialog\DialogMenu.h">
      <Filter>Source\Scenes\Menus\Dialog</Filter>
    </ClInclude>
    <ClInclude Include="..\Source\Objects\Collision\CollisionObject.h">
      <Filter>Source\Objects\Collision</Filter>
    </ClInclude>
    <ClInclude Include="..\Source\Objects\Collision\CategoryGroup.h">
      <Filter>Source\Objects\Collision</Filter>
    </ClInclude>
    <ClInclude Include="..\Source\Objects\ParallaxObject.h">
      <Filter>Source\Objects</Filter>
    </ClInclude>
    <ClInclude Include="..\Source\Objects\Objects.h">
      <Filter>Source\Objects</Filter>
    </ClInclude>
    <ClInclude Include="..\Source\Objects\Interactables\WarpGate.h">
      <Filter>Source\Objects\Interactables</Filter>
    </ClInclude>
    <ClInclude Include="..\Source\Objects\Interactables\Monitor.h">
      <Filter>Source\Objects\Interactables</Filter>
    </ClInclude>
    <ClInclude Include="..\Source\Objects\Hackables\HackableObject.h">
      <Filter>Source\Objects\Hackables</Filter>
    </ClInclude>
    <ClInclude Include="..\Source\Objects\Interactables\WarpGateExactScanTutorial.h">
      <Filter>Source\Objects\Interactables</Filter>
    </ClInclude>
    <ClInclude Include="..\Source\Scenes\Menus\HackerMode\RadialMenu.h">
      <Filter>Source\Scenes\Menus\HackerMode</Filter>
    </ClInclude>
    <ClInclude Include="..\Source\Objects\Hackables\HackableData.h">
      <Filter>Source\Objects\Hackables</Filter>
    </ClInclude>
    <ClInclude Include="..\Source\Objects\Hackables\HackableCode.h">
      <Filter>Source\Objects\Hackables</Filter>
    </ClInclude>
    <ClInclude Include="..\Source\Objects\Hackables\HackableAttribute.h">
      <Filter>Source\Objects\Hackables</Filter>
    </ClInclude>
    <ClInclude Include="..\Source\Scenes\Menus\HackerMode\CodeEditor.h">
      <Filter>Source\Scenes\Menus\HackerMode</Filter>
    </ClInclude>
    <ClInclude Include="..\Source\Scenes\Minigames\Minigames.h">
      <Filter>Source\Scenes\Minigames</Filter>
    </ClInclude>
    <ClInclude Include="..\Source\Entities\Npcs\Knight.h">
      <Filter>Source\Entities\Npcs</Filter>
    </ClInclude>
    <ClInclude Include="..\Source\Entities\Npcs\NpcBase.h">
      <Filter>Source\Entities\Npcs</Filter>
    </ClInclude>
    <ClInclude Include="..\Source\Scenes\Minigames\Hexus\Hexus.h">
      <Filter>Source\Scenes\Minigames\Hexus</Filter>
    </ClInclude>
    <ClInclude Include="..\Source\Scenes\Minigames\Hexus\Card.h">
      <Filter>Source\Scenes\Minigames\Hexus</Filter>
    </ClInclude>
    <ClInclude Include="..\Source\Scenes\Minigames\Hexus\CardStorage.h">
      <Filter>Source\Scenes\Minigames\Hexus</Filter>
    </ClInclude>
    <ClInclude Include="..\Source\Scenes\Minigames\Hexus\Deck.h">
      <Filter>Source\Scenes\Minigames\Hexus</Filter>
    </ClInclude>
    <ClInclude Include="..\Source\Scenes\Minigames\Hexus\CardData.h">
      <Filter>Source\Scenes\Minigames\Hexus</Filter>
    </ClInclude>
    <ClInclude Include="..\Source\Scenes\Minigames\Hexus\CardRow.h">
      <Filter>Source\Scenes\Minigames\Hexus</Filter>
    </ClInclude>
    <ClInclude Include="..\Source\Scenes\Minigames\Hexus\GameState.h">
      <Filter>Source\Scenes\Minigames\Hexus</Filter>
    </ClInclude>
    <ClInclude Include="..\Source\Scenes\Minigames\Hexus\Config.h">
      <Filter>Source\Scenes\Minigames\Hexus</Filter>
    </ClInclude>
    <ClInclude Include="..\Source\Scenes\Minigames\Hexus\Components\CoinFlip.h">
      <Filter>Source\Scenes\Minigames\Hexus\Components</Filter>
    </ClInclude>
    <ClInclude Include="..\Source\Scenes\Minigames\Hexus\Components\CardPreview.h">
      <Filter>Source\Scenes\Minigames\Hexus\Components</Filter>
    </ClInclude>
    <ClInclude Include="..\Source\Scenes\Minigames\Hexus\Components\LossesDisplay.h">
      <Filter>Source\Scenes\Minigames\Hexus\Components</Filter>
    </ClInclude>
    <ClInclude Include="..\Source\Scenes\Minigames\Hexus\Components\ScoreTotal.h">
      <Filter>Source\Scenes\Minigames\Hexus\Components</Filter>
    </ClInclude>
    <ClInclude Include="..\Source\Scenes\Minigames\Hexus\Components\ComponentBase.h">
      <Filter>Source\Scenes\Minigames\Hexus\Components</Filter>
    </ClInclude>
    <ClInclude Include="..\Source\Scenes\Minigames\Hexus\Components\RowTotals.h">
      <Filter>Source\Scenes\Minigames\Hexus\Components</Filter>
    </ClInclude>
    <ClInclude Include="..\Source\Scenes\Minigames\Hexus\Components\HandCardCountDisplay.h">
      <Filter>Source\Scenes\Minigames\Hexus\Components</Filter>
    </ClInclude>
    <ClInclude Include="..\Source\Scenes\Minigames\Hexus\Components\DeckCardCountDisplay.h">
      <Filter>Source\Scenes\Minigames\Hexus\Components</Filter>
    </ClInclude>
    <ClInclude Include="..\Source\Scenes\Minigames\Hexus\Components\Banners.h">
      <Filter>Source\Scenes\Minigames\Hexus\Components</Filter>
    </ClInclude>
    <ClInclude Include="..\Source\Scenes\Minigames\Hexus\Components\Avatars.h">
      <Filter>Source\Scenes\Minigames\Hexus\Components</Filter>
    </ClInclude>
    <ClInclude Include="..\Source\Scenes\Minigames\Hexus\Components\Components.h">
      <Filter>Source\Scenes\Minigames\Hexus\Components</Filter>
    </ClInclude>
    <ClInclude Include="..\Source\Scenes\Minigames\Hexus\Components\ControlDraw.h">
      <Filter>Source\Scenes\Minigames\Hexus\Components</Filter>
    </ClInclude>
    <ClInclude Include="..\Source\Scenes\Minigames\Hexus\Components\ControlNeutral.h">
      <Filter>Source\Scenes\Minigames\Hexus\Components</Filter>
    </ClInclude>
    <ClInclude Include="..\Source\Scenes\Minigames\Hexus\Components\ControlSacrificeStaged.h">
      <Filter>Source\Scenes\Minigames\Hexus\Components</Filter>
    </ClInclude>
    <ClInclude Include="..\Source\Scenes\Minigames\Hexus\Components\ControlSelectionStaged.h">
      <Filter>Source\Scenes\Minigames\Hexus\Components</Filter>
    </ClInclude>
    <ClInclude Include="..\Source\Scenes\Minigames\Hexus\Components\ControlEndTurn.h">
      <Filter>Source\Scenes\Minigames\Hexus\Components</Filter>
    </ClInclude>
    <ClInclude Include="..\Source\Scenes\Fight\Fight.h">
      <Filter>Source\Scenes\Fight</Filter>
    </ClInclude>
    <ClInclude Include="..\Source\Scenes\Minigames\Hexus\Components\ControlReplaceCards.h">
      <Filter>Source\Scenes\Minigames\Hexus\Components</Filter>
    </ClInclude>
    <ClInclude Include="..\Source\Scenes\Menus\LoadingScreen\LoadingScreen.h">
      <Filter>Source\Scenes\Menus\LoadingScreen</Filter>
    </ClInclude>
    <ClInclude Include="..\Source\Entities\Enemies\Castle\BossWitch.h">
      <Filter>Source\Entities\Enemies\Castle</Filter>
    </ClInclude>
    <ClInclude Include="..\Source\Entities\Enemies\Castle\Ghost.h">
      <Filter>Source\Entities\Enemies\Castle</Filter>
    </ClInclude>
    <ClInclude Include="..\Source\Entities\Enemies\Castle\Harpy.h">
      <Filter>Source\Entities\Enemies\Castle</Filter>
    </ClInclude>
    <ClInclude Include="..\Source\Entities\Enemies\Castle\Jack.h">
      <Filter>Source\Entities\Enemies\Castle</Filter>
    </ClInclude>
    <ClInclude Include="..\Source\Entities\Enemies\Castle\VampireLord.h">
      <Filter>Source\Entities\Enemies\Castle</Filter>
    </ClInclude>
    <ClInclude Include="..\Source\Entities\Enemies\Caverns\BlackWidow.h">
      <Filter>Source\Entities\Enemies\Caverns</Filter>
    </ClInclude>
    <ClInclude Include="..\Source\Entities\Enemies\Caverns\BossKrampus.h">
      <Filter>Source\Entities\Enemies\Caverns</Filter>
    </ClInclude>
    <ClInclude Include="..\Source\Entities\Enemies\Caverns\EarthGolem.h">
      <Filter>Source\Entities\Enemies\Caverns</Filter>
    </ClInclude>
    <ClInclude Include="..\Source\Entities\Enemies\Caverns\ForestGolem.h">
      <Filter>Source\Entities\Enemies\Caverns</Filter>
    </ClInclude>
    <ClInclude Include="..\Source\Entities\Enemies\Caverns\RockGolem.h">
      <Filter>Source\Entities\Enemies\Caverns</Filter>
    </ClInclude>
    <ClInclude Include="..\Source\Entities\Enemies\Forest\Troll.h">
      <Filter>Source\Entities\Enemies\Forest</Filter>
    </ClInclude>
    <ClInclude Include="..\Source\Entities\Enemies\Forest\Cyclops.h">
      <Filter>Source\Entities\Enemies\Forest</Filter>
    </ClInclude>
    <ClInclude Include="..\Source\Entities\Enemies\Forest\GoblinShaman.h">
      <Filter>Source\Entities\Enemies\Forest</Filter>
    </ClInclude>
    <ClInclude Include="..\Source\Entities\Enemies\Forest\OrcGrunt.h">
      <Filter>Source\Entities\Enemies\Forest</Filter>
    </ClInclude>
    <ClInclude Include="..\Source\Entities\Enemies\Forest\OrcWarrior.h">
      <Filter>Source\Entities\Enemies\Forest</Filter>
    </ClInclude>
    <ClInclude Include="..\Source\Entities\Enemies\Jungle\BossRhinoman.h">
      <Filter>Source\Entities\Enemies\Jungle</Filter>
    </ClInclude>
    <ClInclude Include="..\Source\Entities\Enemies\Jungle\JungleDragon.h">
      <Filter>Source\Entities\Enemies\Jungle</Filter>
    </ClInclude>
    <ClInclude Include="..\Source\Entities\Enemies\Jungle\Minotaur.h">
      <Filter>Source\Entities\Enemies\Jungle</Filter>
    </ClInclude>
    <ClInclude Include="..\Source\Entities\Enemies\Jungle\PigDemon.h">
      <Filter>Source\Entities\Enemies\Jungle</Filter>
    </ClInclude>
    <ClInclude Include="..\Source\Entities\Enemies\Obelisk\VoidDemon.h">
      <Filter>Source\Entities\Enemies\Obelisk</Filter>
    </ClInclude>
    <ClInclude Include="..\Source\Entities\Enemies\Obelisk\Abomination.h">
      <Filter>Source\Entities\Enemies\Obelisk</Filter>
    </ClInclude>
    <ClInclude Include="..\Source\Entities\Enemies\Obelisk\BossSkeletonKing.h">
      <Filter>Source\Entities\Enemies\Obelisk</Filter>
    </ClInclude>
    <ClInclude Include="..\Source\Entities\Enemies\Obelisk\DarkDragon.h">
      <Filter>Source\Entities\Enemies\Obelisk</Filter>
    </ClInclude>
    <ClInclude Include="..\Source\Entities\Enemies\Obelisk\SkeletonBaron.h">
      <Filter>Source\Entities\Enemies\Obelisk</Filter>
    </ClInclude>
    <ClInclude Include="..\Source\Entities\Enemies\Obelisk\SkeletonCleaver.h">
      <Filter>Source\Entities\Enemies\Obelisk</Filter>
    </ClInclude>
    <ClInclude Include="..\Source\Entities\Enemies\Obelisk\SkeletonPriestess.h">
      <Filter>Source\Entities\Enemies\Obelisk</Filter>
    </ClInclude>
    <ClInclude Include="..\Source\Entities\Enemies\Obelisk\Undead.h">
      <Filter>Source\Entities\Enemies\Obelisk</Filter>
    </ClInclude>
    <ClInclude Include="..\Source\Entities\Enemies\Ruins\AnubisWarrior.h">
      <Filter>Source\Entities\Enemies\Ruins</Filter>
    </ClInclude>
    <ClInclude Include="..\Source\Entities\Enemies\Ruins\Lioness.h">
      <Filter>Source\Entities\Enemies\Ruins</Filter>
    </ClInclude>
    <ClInclude Include="..\Source\Entities\Enemies\Ruins\Medusa.h">
      <Filter>Source\Entities\Enemies\Ruins</Filter>
    </ClInclude>
    <ClInclude Include="..\Source\Entities\Enemies\Ruins\Mermaid.h">
      <Filter>Source\Entities\Enemies\Ruins</Filter>
    </ClInclude>
    <ClInclude Include="..\Source\Entities\Enemies\Snow\EvilSnowman.h">
      <Filter>Source\Entities\Enemies\Snow</Filter>
    </ClInclude>
    <ClInclude Include="..\Source\Entities\Enemies\Snow\FrostDragon.h">
      <Filter>Source\Entities\Enemies\Snow</Filter>
    </ClInclude>
    <ClInclude Include="..\Source\Entities\Enemies\Snow\GoblinElf.h">
      <Filter>Source\Entities\Enemies\Snow</Filter>
    </ClInclude>
    <ClInclude Include="..\Source\Entities\Enemies\Snow\IceGolem.h">
      <Filter>Source\Entities\Enemies\Snow</Filter>
    </ClInclude>
    <ClInclude Include="..\Source\Entities\Enemies\Snow\TinyIceGolem.h">
      <Filter>Source\Entities\Enemies\Snow</Filter>
    </ClInclude>
    <ClInclude Include="..\Source\Entities\Enemies\Volcano\CritterDemon.h">
      <Filter>Source\Entities\Enemies\Volcano</Filter>
    </ClInclude>
    <ClInclude Include="..\Source\Entities\Enemies\Volcano\DemonRogue.h">
      <Filter>Source\Entities\Enemies\Volcano</Filter>
    </ClInclude>
    <ClInclude Include="..\Source\Entities\Enemies\Volcano\DemonShaman.h">
      <Filter>Source\Entities\Enemies\Volcano</Filter>
    </ClInclude>
    <ClInclude Include="..\Source\Entities\Enemies\Volcano\DemonWarrior.h">
      <Filter>Source\Entities\Enemies\Volcano</Filter>
    </ClInclude>
    <ClInclude Include="..\Source\Entities\Enemies\Volcano\LavaGolem.h">
      <Filter>Source\Entities\Enemies\Volcano</Filter>
    </ClInclude>
    <ClInclude Include="..\Source\Events\DialogEvents.h">
      <Filter>Source\Events</Filter>
    </ClInclude>
    <ClInclude Include="..\Source\Events\MouseEvents.h">
      <Filter>Source\Events</Filter>
    </ClInclude>
    <ClInclude Include="..\Source\Events\NavigationEvents.h">
      <Filter>Source\Events</Filter>
    </ClInclude>
    <ClInclude Include="..\Source\Entities\Enemy.h">
      <Filter>Source\Entities</Filter>
    </ClInclude>
    <ClInclude Include="..\Source\Entities\Enemies\Ruins\MummyPharaoh.h">
      <Filter>Source\Entities\Enemies\Ruins</Filter>
    </ClInclude>
    <ClInclude Include="..\Source\Objects\Interactables\Plushies\Plushie.h">
      <Filter>Source\Objects\Interactables\Plushies</Filter>
    </ClInclude>
    <ClInclude Include="..\Source\Objects\Interactables\Plushies\PlushieMonkey.h">
      <Filter>Source\Objects\Interactables\Plushies</Filter>
    </ClInclude>
    <ClInclude Include="..\Source\Objects\Interactables\Plushies\Plushies.h">
      <Filter>Source\Objects\Interactables\Plushies</Filter>
    </ClInclude>
    <ClInclude Include="..\Source\Objects\Interactables\Chest.h">
      <Filter>Source\Objects\Interactables</Filter>
    </ClInclude>
    <ClInclude Include="..\Source\Events\HackableEvents.h">
      <Filter>Source\Events</Filter>
    </ClInclude>
    <ClInclude Include="..\Source\Events\HexusEvents.h">
      <Filter>Source\Events</Filter>
    </ClInclude>
    <ClInclude Include="..\Source\Objects\Interactables\Wind.h">
      <Filter>Source\Objects\Interactables</Filter>
    </ClInclude>
    <ClInclude Include="..\Source\Entities\Enemies\Forest\BossDragonOrcKing.h">
      <Filter>Source\Entities\Enemies\Forest</Filter>
    </ClInclude>
    <ClInclude Include="..\Source\Entities\Enemies\Forest\GoblinGruntBoar.h">
      <Filter>Source\Entities\Enemies\Forest</Filter>
    </ClInclude>
    <ClInclude Include="..\Source\Entities\Enemies\Forest\GoblinGuard.h">
      <Filter>Source\Entities\Enemies\Forest</Filter>
    </ClInclude>
    <ClInclude Include="..\Source\Entities\Enemies\Forest\GoblinWarriorPig.h">
      <Filter>Source\Entities\Enemies\Forest</Filter>
    </ClInclude>
    <ClInclude Include="..\Source\Entities\Enemies\Forest\Ent.h">
      <Filter>Source\Entities\Enemies\Forest</Filter>
    </ClInclude>
    <ClInclude Include="..\Source\Entities\Enemies\Forest\EntMage.h">
      <Filter>Source\Entities\Enemies\Forest</Filter>
    </ClInclude>
    <ClInclude Include="..\Source\Entities\Enemies\Jungle\GoblinGrunt.h">
      <Filter>Source\Entities\Enemies\Jungle</Filter>
    </ClInclude>
    <ClInclude Include="..\Source\Entities\Enemies\Jungle\GoblinSwordsman.h">
      <Filter>Source\Entities\Enemies\Jungle</Filter>
    </ClInclude>
    <ClInclude Include="..\Source\Entities\Enemies\Jungle\Mantis.h">
      <Filter>Source\Entities\Enemies\Jungle</Filter>
    </ClInclude>
    <ClInclude Include="..\Source\Entities\Enemies\Jungle\TikiGolem.h">
      <Filter>Source\Entities\Enemies\Jungle</Filter>
    </ClInclude>
    <ClInclude Include="..\Source\Entities\Enemies\Jungle\PurpleDinosaur.h">
      <Filter>Source\Entities\Enemies\Jungle</Filter>
    </ClInclude>
    <ClInclude Include="..\Source\Entities\Enemies\Jungle\TikiWarrior.h">
      <Filter>Source\Entities\Enemies\Jungle</Filter>
    </ClInclude>
    <ClInclude Include="..\Source\Entities\Enemies\Obelisk\DemonArcher.h">
      <Filter>Source\Entities\Enemies\Obelisk</Filter>
    </ClInclude>
    <ClInclude Include="..\Source\Entities\Enemies\Obelisk\BatDemon.h">
      <Filter>Source\Entities\Enemies\Obelisk</Filter>
    </ClInclude>
    <ClInclude Include="..\Source\Entities\Enemies\Ruins\BossEgyptianGoddess.h">
      <Filter>Source\Entities\Enemies\Ruins</Filter>
    </ClInclude>
    <ClInclude Include="..\Source\Entities\Enemies\Ruins\AnubisTiny.h">
      <Filter>Source\Entities\Enemies\Ruins</Filter>
    </ClInclude>
    <ClInclude Include="..\Source\Entities\Enemies\Ruins\LionMan.h">
      <Filter>Source\Entities\Enemies\Ruins</Filter>
    </ClInclude>
    <ClInclude Include="..\Source\Entities\Enemies\Ruins\MedusaSmall.h">
      <Filter>Source\Entities\Enemies\Ruins</Filter>
    </ClInclude>
    <ClInclude Include="..\Source\Entities\Enemies\Ruins\Tigress.h">
      <Filter>Source\Entities\Enemies\Ruins</Filter>
    </ClInclude>
    <ClInclude Include="..\Source\Entities\Enemies\Snow\BossIceGolem.h">
      <Filter>Source\Entities\Enemies\Snow</Filter>
    </ClInclude>
    <ClInclude Include="..\Source\Entities\Enemies\Snow\FrostShooter.h">
      <Filter>Source\Entities\Enemies\Snow</Filter>
    </ClInclude>
    <ClInclude Include="..\Source\Entities\Enemies\Snow\Yeti.h">
      <Filter>Source\Entities\Enemies\Snow</Filter>
    </ClInclude>
    <ClInclude Include="..\Source\Entities\Enemies\Snow\YetiWarrior.h">
      <Filter>Source\Entities\Enemies\Snow</Filter>
    </ClInclude>
    <ClInclude Include="..\Source\Entities\Enemies\Snow\ToySoldierGoblin.h">
      <Filter>Source\Entities\Enemies\Snow</Filter>
    </ClInclude>
    <ClInclude Include="..\Source\Entities\Enemies\Snow\WaterElemental.h">
      <Filter>Source\Entities\Enemies\Snow</Filter>
    </ClInclude>
    <ClInclude Include="..\Source\Entities\Enemies\Volcano\DemonDragon.h">
      <Filter>Source\Entities\Enemies\Volcano</Filter>
    </ClInclude>
    <ClInclude Include="..\Source\Entities\Enemies\Volcano\DemonGhost.h">
      <Filter>Source\Entities\Enemies\Volcano</Filter>
    </ClInclude>
    <ClInclude Include="..\Source\Entities\Enemies\Volcano\FireElemental.h">
      <Filter>Source\Entities\Enemies\Volcano</Filter>
    </ClInclude>
    <ClInclude Include="..\Source\Entities\Enemies\Volcano\DemonGrunt.h">
      <Filter>Source\Entities\Enemies\Volcano</Filter>
    </ClInclude>
    <ClInclude Include="..\Source\Entities\Enemies\Volcano\BossDemonKing.h">
      <Filter>Source\Entities\Enemies\Volcano</Filter>
    </ClInclude>
    <ClInclude Include="..\Source\Entities\Enemies\Volcano\DemonSwordsman.h">
      <Filter>Source\Entities\Enemies\Volcano</Filter>
    </ClInclude>
    <ClInclude Include="..\Source\Entities\Enemies\Mech\BossEvilEye.h">
      <Filter>Source\Entities\Enemies\Mech</Filter>
    </ClInclude>
    <ClInclude Include="..\Source\Entities\Enemies\Mech\Exterminator.h">
      <Filter>Source\Entities\Enemies\Mech</Filter>
    </ClInclude>
    <ClInclude Include="..\Source\Entities\Enemies\Mech\MechDog.h">
      <Filter>Source\Entities\Enemies\Mech</Filter>
    </ClInclude>
    <ClInclude Include="..\Source\Entities\Enemies\Mech\MechGolem.h">
      <Filter>Source\Entities\Enemies\Mech</Filter>
    </ClInclude>
    <ClInclude Include="..\Source\Entities\Enemies\Mech\MechGolemDark.h">
      <Filter>Source\Entities\Enemies\Mech</Filter>
    </ClInclude>
    <ClInclude Include="..\Source\Entities\Enemies\Mech\MechGuard.h">
      <Filter>Source\Entities\Enemies\Mech</Filter>
    </ClInclude>
    <ClInclude Include="..\Source\Entities\Enemies\Mech\MiteBot.h">
      <Filter>Source\Entities\Enemies\Mech</Filter>
    </ClInclude>
    <ClInclude Include="..\Source\Entities\Enemies\Mech\VikingBot.h">
      <Filter>Source\Entities\Enemies\Mech</Filter>
    </ClInclude>
    <ClInclude Include="..\Source\Entities\Enemies\Mech\VikingBotSmall.h">
      <Filter>Source\Entities\Enemies\Mech</Filter>
    </ClInclude>
    <ClInclude Include="..\Source\Entities\Enemies\Snow\BossSanta.h">
      <Filter>Source\Entities\Enemies\Snow</Filter>
    </ClInclude>
    <ClInclude Include="..\Source\Entities\Enemies\Caverns\EarthElemental.h">
      <Filter>Source\Entities\Enemies\Caverns</Filter>
    </ClInclude>
    <ClInclude Include="..\Source\Entities\Enemies\Caverns\Genie.h">
      <Filter>Source\Entities\Enemies\Caverns</Filter>
    </ClInclude>
    <ClInclude Include="..\Source\Entities\Enemies\Caverns\SkeletonWarrior.h">
      <Filter>Source\Entities\Enemies\Caverns</Filter>
    </ClInclude>
    <ClInclude Include="..\Source\Entities\Enemies\Caverns\SkeletonNecromancer.h">
      <Filter>Source\Entities\Enemies\Caverns</Filter>
    </ClInclude>
    <ClInclude Include="..\Source\Entities\Enemies\Caverns\Shaman.h">
      <Filter>Source\Entities\Enemies\Caverns</Filter>
    </ClInclude>
    <ClInclude Include="..\Source\Entities\Enemies\Caverns\SkeletonArcher.h">
      <Filter>Source\Entities\Enemies\Caverns</Filter>
    </ClInclude>
    <ClInclude Include="..\Source\Entities\Enemies\Castle\Guard.h">
      <Filter>Source\Entities\Enemies\Castle</Filter>
    </ClInclude>
    <ClInclude Include="..\Source\Entities\Enemies\Castle\Reaper.h">
      <Filter>Source\Entities\Enemies\Castle</Filter>
    </ClInclude>
    <ClInclude Include="..\Source\Entities\Enemies\Castle\Vampiress.h">
      <Filter>Source\Entities\Enemies\Castle</Filter>
    </ClInclude>
    <ClInclude Include="..\Source\Entities\Enemies\Castle\Zombie.h">
      <Filter>Source\Entities\Enemies\Castle</Filter>
    </ClInclude>
    <ClInclude Include="..\Source\Entities\Enemies\Castle\SkeletonMage.h">
      <Filter>Source\Entities\Enemies\Castle</Filter>
    </ClInclude>
    <ClInclude Include="..\Source\Entities\Enemies\Jungle\GoblinWarrior.h">
      <Filter>Source\Entities\Enemies\Jungle</Filter>
    </ClInclude>
    <ClInclude Include="..\Source\Entities\Enemies\Obelisk\SkeletonKnight.h">
      <Filter>Source\Entities\Enemies\Obelisk</Filter>
    </ClInclude>
    <ClInclude Include="..\Source\Entities\Enemies\Ruins\TigerMan.h">
      <Filter>Source\Entities\Enemies\Ruins</Filter>
    </ClInclude>
    <ClInclude Include="..\Source\Entities\Enemies\Mech\Robot.h">
      <Filter>Source\Entities\Enemies\Mech</Filter>
    </ClInclude>
    <ClInclude Include="..\Source\Entities\Enemies\Castle\Executioner.h">
      <Filter>Source\Entities\Enemies\Castle</Filter>
    </ClInclude>
    <ClInclude Include="..\Source\Entities\Enemies\Mech\MechBoxDrone.h">
      <Filter>Source\Entities\Enemies\Mech</Filter>
    </ClInclude>
    <ClInclude Include="Main.h" />
    <ClInclude Include="..\Source\Input\InputManager.h">
      <Filter>Source\Engine\Input</Filter>
    </ClInclude>
    <ClInclude Include="..\Source\Engine\Save\SaveManager.h">
      <Filter>Source\Engine\Save</Filter>
    </ClInclude>
    <ClInclude Include="..\Source\Scenes\SceneDirector.h">
      <Filter>Source\Scenes</Filter>
    </ClInclude>
    <ClInclude Include="..\Source\Window.h">
      <Filter>Source</Filter>
    </ClInclude>
    <ClInclude Include="..\Source\Engine/Rendering\HUD\Hud.h">
      <Filter>Source\Engine\Rendering\HUD</Filter>
    </ClInclude>
    <ClInclude Include="..\Source\Engine/Rendering\Components\InfiniteParallaxNode.h">
      <Filter>Source\Engine\Rendering\Components</Filter>
    </ClInclude>
    <ClInclude Include="..\Source\Engine/Rendering\Components\CSlider.h">
      <Filter>Source\Engine\Rendering\Components</Filter>
    </ClInclude>
    <ClInclude Include="..\Source\Engine/Rendering\Components\CCheckbox.h">
      <Filter>Source\Engine\Rendering\Components</Filter>
    </ClInclude>
    <ClInclude Include="..\Source\Engine/Rendering\Components\CProgressBar.h">
      <Filter>Source\Engine\Rendering\Components</Filter>
    </ClInclude>
    <ClInclude Include="..\Source\Engine/Rendering\Components\CRadioButton.h">
      <Filter>Source\Engine\Rendering\Components</Filter>
    </ClInclude>
    <ClInclude Include="..\Source\Engine/Rendering\Components\FloatingSprite.h">
      <Filter>Source\Engine\Rendering\Components</Filter>
    </ClInclude>
    <ClInclude Include="..\Source\Engine/Rendering\Components\FadeScene.h">
      <Filter>Source\Engine\Rendering\Components</Filter>
    </ClInclude>
    <ClInclude Include="..\Source\Engine/Rendering\Components\EditableTextWindow.h">
      <Filter>Source\Engine\Rendering\Components</Filter>
    </ClInclude>
    <ClInclude Include="..\Source\Engine/Rendering\Components\UILayer.h">
      <Filter>Source\Engine\Rendering\Components</Filter>
    </ClInclude>
    <ClInclude Include="..\Source\Engine/Rendering\Components\TextWindow.h">
      <Filter>Source\Engine\Rendering\Components</Filter>
    </ClInclude>
    <ClInclude Include="..\Source\Engine/Rendering\Components\MouseOverPanel.h">
      <Filter>Source\Engine\Rendering\Components</Filter>
    </ClInclude>
    <ClInclude Include="..\Source\Engine/Rendering\Components\Mouse.h">
      <Filter>Source\Engine\Rendering\Components</Filter>
    </ClInclude>
    <ClInclude Include="..\Source\Engine/Rendering\Components\MenuLabel.h">
      <Filter>Source\Engine\Rendering\Components</Filter>
    </ClInclude>
    <ClInclude Include="..\Source\Engine/Rendering\Components\MenuSprite.h">
      <Filter>Source\Engine\Rendering\Components</Filter>
    </ClInclude>
    <ClInclude Include="..\Source\Engine/Rendering\HUD\HackerModeHud.h">
      <Filter>Source\Engine\Rendering\HUD</Filter>
    </ClInclude>
    <ClInclude Include="..\Source\Engine/Rendering\Shaders\ShaderUtils.h">
      <Filter>Source\Engine\Rendering\Shaders</Filter>
    </ClInclude>
    <ClInclude Include="..\Source\Engine/Rendering\Shaders\PostProcess.h">
      <Filter>Source\Engine\Rendering\Shaders</Filter>
    </ClInclude>
    <ClInclude Include="..\Source\Engine\Rendering\HUD\DeveloperHud.h">
      <Filter>Source\Engine\Rendering\HUD</Filter>
    </ClInclude>
    <ClInclude Include="..\Source\Engine\Maps\SerializableMap.h">
      <Filter>Source\Engine\Maps</Filter>
    </ClInclude>
    <ClInclude Include="..\Source\Engine\Maps\SerializableObject.h">
      <Filter>Source\Engine\Maps</Filter>
    </ClInclude>
    <ClInclude Include="..\Source\Engine\Maps\SerializableLayer.h">
      <Filter>Source\Engine\Maps</Filter>
    </ClInclude>
    <ClInclude Include="..\Source\Engine\Maps\SerializableTileLayer.h">
      <Filter>Source\Engine\Maps</Filter>
    </ClInclude>
    <ClInclude Include="..\Source\Engine\GlobalDirector.h">
      <Filter>Source\Engine</Filter>
    </ClInclude>
    <ClInclude Include="..\Source\Objects\Collision\CollisionDeserializer.h">
      <Filter>Source\Objects\Collision</Filter>
    </ClInclude>
    <ClInclude Include="..\Source\Engine\GlobalNode.h">
      <Filter>Source\Engine</Filter>
    </ClInclude>
    <ClInclude Include="..\Source\Objects\DecorDeserializer.h">
      <Filter>Source\Objects</Filter>
    </ClInclude>
    <ClInclude Include="..\Source\Entities\EntityDeserializer.h">
      <Filter>Source\Entities</Filter>
    </ClInclude>
    <ClInclude Include="..\Source\Objects\ObjectDeserializer.h">
      <Filter>Source\Objects</Filter>
    </ClInclude>
    <ClInclude Include="..\Source\Objects\DecorObject.h">
      <Filter>Source\Objects</Filter>
    </ClInclude>
    <ClInclude Include="..\Source\Engine\Maps\IObjectDeserializer.h">
      <Filter>Source\Engine\Maps</Filter>
    </ClInclude>
    <ClInclude Include="..\Source\Engine\Maps\ILayerDeserializer.h">
      <Filter>Source\Engine\Maps</Filter>
    </ClInclude>
    <ClInclude Include="..\Source\Engine\Maps\DefaultLayerDeserializer.h">
      <Filter>Source\Engine\Maps</Filter>
    </ClInclude>
    <ClInclude Include="..\Source\Scenes\Level\Environments\MusicDeserializer.h">
      <Filter>Source\Scenes\Level\Environments</Filter>
    </ClInclude>
    <ClInclude Include="..\Source\Scenes\Level\Environments\Backgrounds\Backgrounds.h">
      <Filter>Source\Scenes\Level\Environments\Backgrounds</Filter>
    </ClInclude>
    <ClInclude Include="..\Source\Scenes\Level\Environments\Backgrounds\JungleBackground.h">
      <Filter>Source\Scenes\Level\Environments\Backgrounds</Filter>
    </ClInclude>
    <ClInclude Include="..\Source\Scenes\Level\Environments\Backgrounds\MountainBackground.h">
      <Filter>Source\Scenes\Level\Environments\Backgrounds</Filter>
    </ClInclude>
    <ClInclude Include="..\Source\Scenes\Level\Environments\Backgrounds\OceanBackground.h">
      <Filter>Source\Scenes\Level\Environments\Backgrounds</Filter>
    </ClInclude>
    <ClInclude Include="..\Source\Scenes\Level\Environments\Backgrounds\SnowBackground.h">
      <Filter>Source\Scenes\Level\Environments\Backgrounds</Filter>
    </ClInclude>
    <ClInclude Include="..\Source\Scenes\Level\Environments\Backgrounds\BackgroundDeserializer.h">
      <Filter>Source\Scenes\Level\Environments\Backgrounds</Filter>
    </ClInclude>
    <ClInclude Include="..\Source\Scenes\Level\Environments\Backgrounds\MatrixRain\MatrixLetter.h">
      <Filter>Source\Scenes\Level\Environments\Backgrounds\MatrixRain</Filter>
    </ClInclude>
    <ClInclude Include="..\Source\Scenes\Level\Environments\Backgrounds\MatrixRain\MatrixRain.h">
      <Filter>Source\Scenes\Level\Environments\Backgrounds\MatrixRain</Filter>
    </ClInclude>
    <ClInclude Include="..\Source\Scenes\Level\Environments\Backgrounds\MatrixRain\MatrixStrand.h">
      <Filter>Source\Scenes\Level\Environments\Backgrounds\MatrixRain</Filter>
    </ClInclude>
    <ClInclude Include="..\Source\Scenes\Level\Environments\Weather\Rain.h">
      <Filter>Source\Scenes\Level\Environments\Weather</Filter>
    </ClInclude>
    <ClInclude Include="..\Source\Scenes\Level\Environments\Weather\Fireflies.h">
      <Filter>Source\Scenes\Level\Environments\Weather</Filter>
    </ClInclude>
    <ClInclude Include="..\Source\Scenes\Level\Environments\Weather\Snow.h">
      <Filter>Source\Scenes\Level\Environments\Weather</Filter>
    </ClInclude>
    <ClInclude Include="..\Source\Scenes\Level\Environments\Weather\WeatherDeserializer.h">
      <Filter>Source\Scenes\Level\Environments\Weather</Filter>
    </ClInclude>
    <ClInclude Include="..\Source\Scenes\Level\Environments\Backgrounds\BackgroundBase.h">
      <Filter>Source\Scenes\Level\Environments\Backgrounds</Filter>
    </ClInclude>
    <ClInclude Include="..\Source\Engine\Rendering\Components\TextMenuSprite.h">
      <Filter>Source\Engine\Rendering\Components</Filter>
    </ClInclude>
    <ClInclude Include="..\Source\Engine\Localization\Localization.h">
      <Filter>Source\Engine\Localization</Filter>
    </ClInclude>
    <ClInclude Include="..\Source\Engine\Config\ConfigManager.h">
      <Filter>Source\Engine\Config</Filter>
    </ClInclude>
    <ClInclude Include="..\Source\Engine\Utils\GameUtils.h">
      <Filter>Source\Engine\Utils</Filter>
    </ClInclude>
    <ClInclude Include="..\Source\Engine\Utils\HackUtils.h">
      <Filter>Source\Engine\Utils</Filter>
    </ClInclude>
    <ClInclude Include="..\Source\Engine\Utils\MathUtils.h">
      <Filter>Source\Engine\Utils</Filter>
    </ClInclude>
    <ClInclude Include="..\Source\Engine\Utils\StrUtils.h">
      <Filter>Source\Engine\Utils</Filter>
    </ClInclude>
  </ItemGroup>
  <ItemGroup>
    <ResourceCompile Include="..\Source\Resources.rc" />
  </ItemGroup>
  <ItemGroup>
    <None Include="..\Source\GenerateResources.py">
      <Filter>Source</Filter>
    </None>
  </ItemGroup>
</Project>